// !$*UTF8*$!
{
	archiveVersion = 1;
	classes = {
	};
	objectVersion = 46;
	objects = {

/* Begin PBXBuildFile section */
		B001BEFF19A58A88000800AD /* RequireTraceViewController.m in Sources */ = {isa = PBXBuildFile; fileRef = B001BEFE19A58A88000800AD /* RequireTraceViewController.m */; };
		B001BF0219A58A97000800AD /* RequireTraceDetailViewController.m in Sources */ = {isa = PBXBuildFile; fileRef = B001BF0119A58A97000800AD /* RequireTraceDetailViewController.m */; };
		B001BF0519A59A90000800AD /* DrawLight.m in Sources */ = {isa = PBXBuildFile; fileRef = B001BF0419A59A90000800AD /* DrawLight.m */; };
		B001BF0819A5CF23000800AD /* PrinterSetting.m in Sources */ = {isa = PBXBuildFile; fileRef = B001BF0719A5CF23000800AD /* PrinterSetting.m */; };
		B0275FD8197E443A00E579C5 /* RequireHistoryListTableViewController.m in Sources */ = {isa = PBXBuildFile; fileRef = B0275FD7197E443A00E579C5 /* RequireHistoryListTableViewController.m */; };
		B037ECFA194BDC50008C456E /* YunTableViewCell.m in Sources */ = {isa = PBXBuildFile; fileRef = B037ECF8194BDC50008C456E /* YunTableViewCell.m */; };
		B037ECFB194BDC50008C456E /* YunTableViewCell.xib in Resources */ = {isa = PBXBuildFile; fileRef = B037ECF9194BDC50008C456E /* YunTableViewCell.xib */; };
		B03D524C194D412300696E4E /* YunSendedViewController.m in Sources */ = {isa = PBXBuildFile; fileRef = B03D524B194D412300696E4E /* YunSendedViewController.m */; };
		B03D524F194D458D00696E4E /* YunCheckXiangTableViewController.m in Sources */ = {isa = PBXBuildFile; fileRef = B03D524E194D458D00696E4E /* YunCheckXiangTableViewController.m */; };
		B03D5252194DBEA400696E4E /* ReceiveConfirmViewController.m in Sources */ = {isa = PBXBuildFile; fileRef = B03D5251194DBEA400696E4E /* ReceiveConfirmViewController.m */; };
		B04EF1D41946888900A95D7A /* ShopTuoTableViewCell.m in Sources */ = {isa = PBXBuildFile; fileRef = B04EF1D21946888900A95D7A /* ShopTuoTableViewCell.m */; };
		B04EF1D51946888900A95D7A /* ShopTuoTableViewCell.xib in Resources */ = {isa = PBXBuildFile; fileRef = B04EF1D31946888900A95D7A /* ShopTuoTableViewCell.xib */; };
		B04EF1D819468A9100A95D7A /* ReceiveTuoViewController.m in Sources */ = {isa = PBXBuildFile; fileRef = B04EF1D719468A9100A95D7A /* ReceiveTuoViewController.m */; };
		B04EF1DB19469CBA00A95D7A /* ReceiveXiangViewController.m in Sources */ = {isa = PBXBuildFile; fileRef = B04EF1DA19469CBA00A95D7A /* ReceiveXiangViewController.m */; };
		B04EF1DF1946A49500A95D7A /* ShopXiangTableViewCell.m in Sources */ = {isa = PBXBuildFile; fileRef = B04EF1DD1946A49500A95D7A /* ShopXiangTableViewCell.m */; };
		B04EF1E01946A49500A95D7A /* ShopXiangTableViewCell.xib in Resources */ = {isa = PBXBuildFile; fileRef = B04EF1DE1946A49500A95D7A /* ShopXiangTableViewCell.xib */; };
		B04EF1E81946B41300A95D7A /* HistoryReceiveViewController.m in Sources */ = {isa = PBXBuildFile; fileRef = B04EF1E71946B41300A95D7A /* HistoryReceiveViewController.m */; };
		B04EF1EC1946DE1000A95D7A /* HistoryYunTableViewController.m in Sources */ = {isa = PBXBuildFile; fileRef = B04EF1EB1946DE1000A95D7A /* HistoryYunTableViewController.m */; };
		B04EF1EF1946DE1C00A95D7A /* HistoryTuoTableViewController.m in Sources */ = {isa = PBXBuildFile; fileRef = B04EF1EE1946DE1C00A95D7A /* HistoryTuoTableViewController.m */; };
		B04EF1F21946DE2900A95D7A /* HistoryXiangTableViewController.m in Sources */ = {isa = PBXBuildFile; fileRef = B04EF1F11946DE2900A95D7A /* HistoryXiangTableViewController.m */; };
		B04EF1F51946E53600A95D7A /* ShopSettingViewController.m in Sources */ = {isa = PBXBuildFile; fileRef = B04EF1F41946E53600A95D7A /* ShopSettingViewController.m */; };
		B04EF20A1946E60D00A95D7A /* AFHTTPRequestOperation.m in Sources */ = {isa = PBXBuildFile; fileRef = B04EF1F81946E60D00A95D7A /* AFHTTPRequestOperation.m */; };
		B04EF20B1946E60D00A95D7A /* AFHTTPRequestOperationManager.m in Sources */ = {isa = PBXBuildFile; fileRef = B04EF1FA1946E60D00A95D7A /* AFHTTPRequestOperationManager.m */; };
		B04EF20C1946E60D00A95D7A /* AFHTTPSessionManager.m in Sources */ = {isa = PBXBuildFile; fileRef = B04EF1FC1946E60D00A95D7A /* AFHTTPSessionManager.m */; };
		B04EF20D1946E60D00A95D7A /* AFNetworkReachabilityManager.m in Sources */ = {isa = PBXBuildFile; fileRef = B04EF1FF1946E60D00A95D7A /* AFNetworkReachabilityManager.m */; };
		B04EF20E1946E60D00A95D7A /* AFSecurityPolicy.m in Sources */ = {isa = PBXBuildFile; fileRef = B04EF2011946E60D00A95D7A /* AFSecurityPolicy.m */; };
		B04EF20F1946E60D00A95D7A /* AFURLConnectionOperation.m in Sources */ = {isa = PBXBuildFile; fileRef = B04EF2031946E60D00A95D7A /* AFURLConnectionOperation.m */; };
		B04EF2101946E60D00A95D7A /* AFURLRequestSerialization.m in Sources */ = {isa = PBXBuildFile; fileRef = B04EF2051946E60D00A95D7A /* AFURLRequestSerialization.m */; };
		B04EF2111946E60D00A95D7A /* AFURLResponseSerialization.m in Sources */ = {isa = PBXBuildFile; fileRef = B04EF2071946E60D00A95D7A /* AFURLResponseSerialization.m */; };
		B04EF2121946E60D00A95D7A /* AFURLSessionManager.m in Sources */ = {isa = PBXBuildFile; fileRef = B04EF2091946E60D00A95D7A /* AFURLSessionManager.m */; };
		B04EF2151946E87800A95D7A /* AFNetOperate.m in Sources */ = {isa = PBXBuildFile; fileRef = B04EF2141946E87800A95D7A /* AFNetOperate.m */; };
		B04EF2171946E89400A95D7A /* URL.plist in Resources */ = {isa = PBXBuildFile; fileRef = B04EF2161946E89400A95D7A /* URL.plist */; };
		B052E9861973B01D009E4D53 /* ScanStandard.m in Sources */ = {isa = PBXBuildFile; fileRef = B052E9851973B01D009E4D53 /* ScanStandard.m */; };
		B058550319A2F800000C85E5 /* TuoCheckTableViewCell.m in Sources */ = {isa = PBXBuildFile; fileRef = B058550119A2F800000C85E5 /* TuoCheckTableViewCell.m */; };
		B058550419A2F800000C85E5 /* TuoCheckTableViewCell.xib in Resources */ = {isa = PBXBuildFile; fileRef = B058550219A2F800000C85E5 /* TuoCheckTableViewCell.xib */; };
		B058550719A2F832000C85E5 /* TuoCheckGeneralViewController.m in Sources */ = {isa = PBXBuildFile; fileRef = B058550619A2F832000C85E5 /* TuoCheckGeneralViewController.m */; };
		B058550A19A2F840000C85E5 /* TuoCheckDetailViewController.m in Sources */ = {isa = PBXBuildFile; fileRef = B058550919A2F840000C85E5 /* TuoCheckDetailViewController.m */; };
		B05FDFAE1985E99500608CBA /* NewValidate.m in Sources */ = {isa = PBXBuildFile; fileRef = B05FDFAD1985E99500608CBA /* NewValidate.m */; };
		B061397B194163DF00A0CF62 /* TuoStore.m in Sources */ = {isa = PBXBuildFile; fileRef = B061397A194163DF00A0CF62 /* TuoStore.m */; };
		B061397E1941643E00A0CF62 /* Tuo.m in Sources */ = {isa = PBXBuildFile; fileRef = B061397D1941643E00A0CF62 /* Tuo.m */; };
		B06139811941680C00A0CF62 /* Xiang.m in Sources */ = {isa = PBXBuildFile; fileRef = B06139801941680C00A0CF62 /* Xiang.m */; };
		B0613987194173B600A0CF62 /* XiangStore.m in Sources */ = {isa = PBXBuildFile; fileRef = B0613986194173B600A0CF62 /* XiangStore.m */; };
		B061398D1941BCF900A0CF62 /* TuoBaseViewController.m in Sources */ = {isa = PBXBuildFile; fileRef = B061398C1941BCF900A0CF62 /* TuoBaseViewController.m */; };
		B06139901941BD1300A0CF62 /* TuoScanViewController.m in Sources */ = {isa = PBXBuildFile; fileRef = B061398F1941BD1300A0CF62 /* TuoScanViewController.m */; };
		B0619E45197CB044000C1C69 /* RequireListTableViewCell.m in Sources */ = {isa = PBXBuildFile; fileRef = B0619E43197CB044000C1C69 /* RequireListTableViewCell.m */; };
		B0619E46197CB044000C1C69 /* RequireListTableViewCell.xib in Resources */ = {isa = PBXBuildFile; fileRef = B0619E44197CB044000C1C69 /* RequireListTableViewCell.xib */; };
		B0619E49197CB318000C1C69 /* RequireBill.m in Sources */ = {isa = PBXBuildFile; fileRef = B0619E48197CB318000C1C69 /* RequireBill.m */; };
		B0619E4C197CB35C000C1C69 /* RequireXiang.m in Sources */ = {isa = PBXBuildFile; fileRef = B0619E4B197CB35C000C1C69 /* RequireXiang.m */; };
		B0619E58197CBE17000C1C69 /* RequireXiangTableViewCell.m in Sources */ = {isa = PBXBuildFile; fileRef = B0619E56197CBE17000C1C69 /* RequireXiangTableViewCell.m */; };
		B0619E59197CBE17000C1C69 /* RequireXiangTableViewCell.xib in Resources */ = {isa = PBXBuildFile; fileRef = B0619E57197CBE17000C1C69 /* RequireXiangTableViewCell.xib */; };
		B0619E5C197CC8EB000C1C69 /* RequireTodayViewController.m in Sources */ = {isa = PBXBuildFile; fileRef = B0619E5B197CC8EB000C1C69 /* RequireTodayViewController.m */; };
		B0619E5F197D0D32000C1C69 /* RequireGenerateViewController.m in Sources */ = {isa = PBXBuildFile; fileRef = B0619E5E197D0D32000C1C69 /* RequireGenerateViewController.m */; };
		B0643D62197DEF6F0036AADA /* RequirePrintViewController.m in Sources */ = {isa = PBXBuildFile; fileRef = B0643D61197DEF6F0036AADA /* RequirePrintViewController.m */; };
		B0643D66197DF40D0036AADA /* RequireDetailViewController.m in Sources */ = {isa = PBXBuildFile; fileRef = B0643D65197DF40D0036AADA /* RequireDetailViewController.m */; };
		B0643D6A197E041B0036AADA /* RequireHistoryViewController.m in Sources */ = {isa = PBXBuildFile; fileRef = B0643D69197E041B0036AADA /* RequireHistoryViewController.m */; };
		B066FE30194E714F00C0019D /* AudioToolbox.framework in Frameworks */ = {isa = PBXBuildFile; fileRef = B066FE2F194E714F00C0019D /* AudioToolbox.framework */; };
		B066FE33194EBDB300C0019D /* LoginSETTINGViewController.m in Sources */ = {isa = PBXBuildFile; fileRef = B066FE32194EBDB300C0019D /* LoginSETTINGViewController.m */; };
		B06E027519403D3D001B7899 /* Storyboard.storyboard in Resources */ = {isa = PBXBuildFile; fileRef = B06E027419403D3D001B7899 /* Storyboard.storyboard */; };
		B073F7D4199D9382007011E6 /* PingWatcher.m in Sources */ = {isa = PBXBuildFile; fileRef = B073F7D3199D9382007011E6 /* PingWatcher.m */; };
		B07CE56D198B8890000FD578 /* RequireCheckXiangTableViewCell.m in Sources */ = {isa = PBXBuildFile; fileRef = B07CE56B198B8890000FD578 /* RequireCheckXiangTableViewCell.m */; };
		B07CE56E198B8890000FD578 /* RequireCheckXiangTableViewCell.xib in Resources */ = {isa = PBXBuildFile; fileRef = B07CE56C198B8890000FD578 /* RequireCheckXiangTableViewCell.xib */; };
		B07CE571198B8CAA000FD578 /* RequireCheckBill.m in Sources */ = {isa = PBXBuildFile; fileRef = B07CE570198B8CAA000FD578 /* RequireCheckBill.m */; };
		B085F610194004CC001F01F3 /* Foundation.framework in Frameworks */ = {isa = PBXBuildFile; fileRef = B085F60F194004CC001F01F3 /* Foundation.framework */; };
		B085F612194004CC001F01F3 /* CoreGraphics.framework in Frameworks */ = {isa = PBXBuildFile; fileRef = B085F611194004CC001F01F3 /* CoreGraphics.framework */; };
		B085F614194004CC001F01F3 /* UIKit.framework in Frameworks */ = {isa = PBXBuildFile; fileRef = B085F613194004CC001F01F3 /* UIKit.framework */; };
		B085F61A194004CC001F01F3 /* InfoPlist.strings in Resources */ = {isa = PBXBuildFile; fileRef = B085F618194004CC001F01F3 /* InfoPlist.strings */; };
		B085F61C194004CC001F01F3 /* main.m in Sources */ = {isa = PBXBuildFile; fileRef = B085F61B194004CC001F01F3 /* main.m */; };
		B085F620194004CC001F01F3 /* MAppDelegate.m in Sources */ = {isa = PBXBuildFile; fileRef = B085F61F194004CC001F01F3 /* MAppDelegate.m */; };
		B085F622194004CC001F01F3 /* Images.xcassets in Resources */ = {isa = PBXBuildFile; fileRef = B085F621194004CC001F01F3 /* Images.xcassets */; };
		B085F629194004CC001F01F3 /* XCTest.framework in Frameworks */ = {isa = PBXBuildFile; fileRef = B085F628194004CC001F01F3 /* XCTest.framework */; };
		B085F62A194004CC001F01F3 /* Foundation.framework in Frameworks */ = {isa = PBXBuildFile; fileRef = B085F60F194004CC001F01F3 /* Foundation.framework */; };
		B085F62B194004CC001F01F3 /* UIKit.framework in Frameworks */ = {isa = PBXBuildFile; fileRef = B085F613194004CC001F01F3 /* UIKit.framework */; };
		B085F633194004CC001F01F3 /* InfoPlist.strings in Resources */ = {isa = PBXBuildFile; fileRef = B085F631194004CC001F01F3 /* InfoPlist.strings */; };
		B085F635194004CC001F01F3 /* MaterialTests.m in Sources */ = {isa = PBXBuildFile; fileRef = B085F634194004CC001F01F3 /* MaterialTests.m */; };
		B085F6421940071A001F01F3 /* Login.m in Sources */ = {isa = PBXBuildFile; fileRef = B085F6401940071A001F01F3 /* Login.m */; };
		B085F64919401091001F01F3 /* Security.framework in Frameworks */ = {isa = PBXBuildFile; fileRef = B085F64819401091001F01F3 /* Security.framework */; };
		B085F64C1940119E001F01F3 /* TuoTableViewController.m in Sources */ = {isa = PBXBuildFile; fileRef = B085F64B1940119E001F01F3 /* TuoTableViewController.m */; };
		B085F64F194014A8001F01F3 /* KeychainItemWrapper.m in Sources */ = {isa = PBXBuildFile; fileRef = B085F64E194014A8001F01F3 /* KeychainItemWrapper.m */; };
		B085F6531940183D001F01F3 /* YunTableViewController.m in Sources */ = {isa = PBXBuildFile; fileRef = B085F6521940183D001F01F3 /* YunTableViewController.m */; };
		B085F6571940184E001F01F3 /* SettingViewController.m in Sources */ = {isa = PBXBuildFile; fileRef = B085F6551940184E001F01F3 /* SettingViewController.m */; };
		B08B8F0D1953D39E009739DB /* TuoTableViewCell.m in Sources */ = {isa = PBXBuildFile; fileRef = B08B8F0B1953D39E009739DB /* TuoTableViewCell.m */; };
		B08B8F0E1953D39E009739DB /* TuoTableViewCell.xib in Resources */ = {isa = PBXBuildFile; fileRef = B08B8F0C1953D39E009739DB /* TuoTableViewCell.xib */; };
		B099FD17199C90A60049586E /* SimplePing.m in Sources */ = {isa = PBXBuildFile; fileRef = B099FD16199C90A60049586E /* SimplePing.m */; };
		B099FD1A199C90C30049586E /* SimplePingHelper.m in Sources */ = {isa = PBXBuildFile; fileRef = B099FD19199C90C30049586E /* SimplePingHelper.m */; };
		B09BF6BD1959508E00FCF00A /* Reachability.m in Sources */ = {isa = PBXBuildFile; fileRef = B09BF6BC1959508E00FCF00A /* Reachability.m */; };
		B09BF6BF195950A900FCF00A /* SystemConfiguration.framework in Frameworks */ = {isa = PBXBuildFile; fileRef = B09BF6BE195950A900FCF00A /* SystemConfiguration.framework */; };
		B09E30D7194932EA00894A4A /* libCaptuvoSDK.a in Frameworks */ = {isa = PBXBuildFile; fileRef = B09E30D6194932EA00894A4A /* libCaptuvoSDK.a */; };
		B09E30D9194934F700894A4A /* ExternalAccessory.framework in Frameworks */ = {isa = PBXBuildFile; fileRef = B05EEDD81947FAEA009DDAE9 /* ExternalAccessory.framework */; };
		B09ECD7219AAD36500783B6A /* LED.m in Sources */ = {isa = PBXBuildFile; fileRef = B09ECD7119AAD36500783B6A /* LED.m */; };
		B09ECD7519AAD8C500783B6A /* LEDcolor.m in Sources */ = {isa = PBXBuildFile; fileRef = B09ECD7419AAD8C500783B6A /* LEDcolor.m */; };
		B0A2ECE619A4529D00F80F26 /* ShopVerifyMoveViewController.m in Sources */ = {isa = PBXBuildFile; fileRef = B0A2ECE519A4529D00F80F26 /* ShopVerifyMoveViewController.m */; };
		B0B468C61980FF3F00D88047 /* RequireXiangDetailViewController.m in Sources */ = {isa = PBXBuildFile; fileRef = B0B468C51980FF3F00D88047 /* RequireXiangDetailViewController.m */; };
		B0BE29301949921900061E67 /* XiangTableViewCell.m in Sources */ = {isa = PBXBuildFile; fileRef = B0BE292E1949921900061E67 /* XiangTableViewCell.m */; };
		B0BE29311949921900061E67 /* XiangTableViewCell.xib in Resources */ = {isa = PBXBuildFile; fileRef = B0BE292F1949921900061E67 /* XiangTableViewCell.xib */; };
		B0DF64351943E1D1002D044B /* PrintViewController.m in Sources */ = {isa = PBXBuildFile; fileRef = B0DF64341943E1D1002D044B /* PrintViewController.m */; };
		B0DF643919440033002D044B /* XiangTableViewController.m in Sources */ = {isa = PBXBuildFile; fileRef = B0DF643819440033002D044B /* XiangTableViewController.m */; };
		B0DF643C19440FCA002D044B /* XiangEditViewController.m in Sources */ = {isa = PBXBuildFile; fileRef = B0DF643B19440FCA002D044B /* XiangEditViewController.m */; };
		B0DF643F1944588B002D044B /* TuoEditViewController.m in Sources */ = {isa = PBXBuildFile; fileRef = B0DF643E1944588B002D044B /* TuoEditViewController.m */; };
		B0DF644219446E5B002D044B /* TuoPrintViewController.m in Sources */ = {isa = PBXBuildFile; fileRef = B0DF644119446E5B002D044B /* TuoPrintViewController.m */; };
		B0DF644519448B67002D044B /* Yun.m in Sources */ = {isa = PBXBuildFile; fileRef = B0DF644419448B67002D044B /* Yun.m */; };
		B0DF644819448B75002D044B /* YunStore.m in Sources */ = {isa = PBXBuildFile; fileRef = B0DF644719448B75002D044B /* YunStore.m */; };
		B0E1D4F21952CD3500105D4D /* ReceivePrintViewController.m in Sources */ = {isa = PBXBuildFile; fileRef = B0E1D4F11952CD3500105D4D /* ReceivePrintViewController.m */; };
		B0E8C6A4197F603500F0A030 /* RequireSettingViewController.m in Sources */ = {isa = PBXBuildFile; fileRef = B0E8C6A3197F603500F0A030 /* RequireSettingViewController.m */; };
		B0EDB1DC19A2ECA400917D54 /* SortArray.m in Sources */ = {isa = PBXBuildFile; fileRef = B0EDB1DB19A2ECA400917D54 /* SortArray.m */; };
		B0FDC96919453D63008E4B72 /* YunChooseTuoViewController.m in Sources */ = {isa = PBXBuildFile; fileRef = B0FDC96819453D63008E4B72 /* YunChooseTuoViewController.m */; };
		B0FDC96C19453EF7008E4B72 /* YunHaveTuoTableViewController.m in Sources */ = {isa = PBXBuildFile; fileRef = B0FDC96B19453EF7008E4B72 /* YunHaveTuoTableViewController.m */; };
		B0FDC96F194555FE008E4B72 /* YunInfoViewController.m in Sources */ = {isa = PBXBuildFile; fileRef = B0FDC96E194555FE008E4B72 /* YunInfoViewController.m */; };
		B0FDC97219458B6F008E4B72 /* YunEditViewController.m in Sources */ = {isa = PBXBuildFile; fileRef = B0FDC97119458B6F008E4B72 /* YunEditViewController.m */; };
/* End PBXBuildFile section */

/* Begin PBXContainerItemProxy section */
		B085F62C194004CC001F01F3 /* PBXContainerItemProxy */ = {
			isa = PBXContainerItemProxy;
			containerPortal = B085F604194004CC001F01F3 /* Project object */;
			proxyType = 1;
			remoteGlobalIDString = B085F60B194004CC001F01F3;
			remoteInfo = Material;
		};
/* End PBXContainerItemProxy section */

/* Begin PBXFileReference section */
		B001BEFD19A58A88000800AD /* RequireTraceViewController.h */ = {isa = PBXFileReference; fileEncoding = 4; lastKnownFileType = sourcecode.c.h; path = RequireTraceViewController.h; sourceTree = "<group>"; };
		B001BEFE19A58A88000800AD /* RequireTraceViewController.m */ = {isa = PBXFileReference; fileEncoding = 4; lastKnownFileType = sourcecode.c.objc; path = RequireTraceViewController.m; sourceTree = "<group>"; };
		B001BF0019A58A97000800AD /* RequireTraceDetailViewController.h */ = {isa = PBXFileReference; fileEncoding = 4; lastKnownFileType = sourcecode.c.h; path = RequireTraceDetailViewController.h; sourceTree = "<group>"; };
		B001BF0119A58A97000800AD /* RequireTraceDetailViewController.m */ = {isa = PBXFileReference; fileEncoding = 4; lastKnownFileType = sourcecode.c.objc; path = RequireTraceDetailViewController.m; sourceTree = "<group>"; };
		B001BF0319A59A90000800AD /* DrawLight.h */ = {isa = PBXFileReference; fileEncoding = 4; lastKnownFileType = sourcecode.c.h; path = DrawLight.h; sourceTree = "<group>"; };
		B001BF0419A59A90000800AD /* DrawLight.m */ = {isa = PBXFileReference; fileEncoding = 4; lastKnownFileType = sourcecode.c.objc; path = DrawLight.m; sourceTree = "<group>"; };
		B001BF0619A5CF23000800AD /* PrinterSetting.h */ = {isa = PBXFileReference; fileEncoding = 4; lastKnownFileType = sourcecode.c.h; path = PrinterSetting.h; sourceTree = "<group>"; };
		B001BF0719A5CF23000800AD /* PrinterSetting.m */ = {isa = PBXFileReference; fileEncoding = 4; lastKnownFileType = sourcecode.c.objc; path = PrinterSetting.m; sourceTree = "<group>"; };
		B0275FD6197E443A00E579C5 /* RequireHistoryListTableViewController.h */ = {isa = PBXFileReference; fileEncoding = 4; lastKnownFileType = sourcecode.c.h; path = RequireHistoryListTableViewController.h; sourceTree = "<group>"; };
		B0275FD7197E443A00E579C5 /* RequireHistoryListTableViewController.m */ = {isa = PBXFileReference; fileEncoding = 4; lastKnownFileType = sourcecode.c.objc; path = RequireHistoryListTableViewController.m; sourceTree = "<group>"; };
		B037ECF7194BDC50008C456E /* YunTableViewCell.h */ = {isa = PBXFileReference; fileEncoding = 4; lastKnownFileType = sourcecode.c.h; path = YunTableViewCell.h; sourceTree = "<group>"; };
		B037ECF8194BDC50008C456E /* YunTableViewCell.m */ = {isa = PBXFileReference; fileEncoding = 4; lastKnownFileType = sourcecode.c.objc; path = YunTableViewCell.m; sourceTree = "<group>"; };
		B037ECF9194BDC50008C456E /* YunTableViewCell.xib */ = {isa = PBXFileReference; fileEncoding = 4; lastKnownFileType = file.xib; path = YunTableViewCell.xib; sourceTree = "<group>"; };
		B03D524A194D412300696E4E /* YunSendedViewController.h */ = {isa = PBXFileReference; fileEncoding = 4; lastKnownFileType = sourcecode.c.h; path = YunSendedViewController.h; sourceTree = "<group>"; };
		B03D524B194D412300696E4E /* YunSendedViewController.m */ = {isa = PBXFileReference; fileEncoding = 4; lastKnownFileType = sourcecode.c.objc; path = YunSendedViewController.m; sourceTree = "<group>"; };
		B03D524D194D458D00696E4E /* YunCheckXiangTableViewController.h */ = {isa = PBXFileReference; fileEncoding = 4; lastKnownFileType = sourcecode.c.h; path = YunCheckXiangTableViewController.h; sourceTree = "<group>"; };
		B03D524E194D458D00696E4E /* YunCheckXiangTableViewController.m */ = {isa = PBXFileReference; fileEncoding = 4; lastKnownFileType = sourcecode.c.objc; path = YunCheckXiangTableViewController.m; sourceTree = "<group>"; };
		B03D5250194DBEA400696E4E /* ReceiveConfirmViewController.h */ = {isa = PBXFileReference; fileEncoding = 4; lastKnownFileType = sourcecode.c.h; path = ReceiveConfirmViewController.h; sourceTree = "<group>"; };
		B03D5251194DBEA400696E4E /* ReceiveConfirmViewController.m */ = {isa = PBXFileReference; fileEncoding = 4; lastKnownFileType = sourcecode.c.objc; path = ReceiveConfirmViewController.m; sourceTree = "<group>"; };
		B04EF1D11946888900A95D7A /* ShopTuoTableViewCell.h */ = {isa = PBXFileReference; fileEncoding = 4; lastKnownFileType = sourcecode.c.h; path = ShopTuoTableViewCell.h; sourceTree = "<group>"; };
		B04EF1D21946888900A95D7A /* ShopTuoTableViewCell.m */ = {isa = PBXFileReference; fileEncoding = 4; lastKnownFileType = sourcecode.c.objc; path = ShopTuoTableViewCell.m; sourceTree = "<group>"; };
		B04EF1D31946888900A95D7A /* ShopTuoTableViewCell.xib */ = {isa = PBXFileReference; fileEncoding = 4; lastKnownFileType = file.xib; path = ShopTuoTableViewCell.xib; sourceTree = "<group>"; };
		B04EF1D619468A9100A95D7A /* ReceiveTuoViewController.h */ = {isa = PBXFileReference; fileEncoding = 4; lastKnownFileType = sourcecode.c.h; path = ReceiveTuoViewController.h; sourceTree = "<group>"; };
		B04EF1D719468A9100A95D7A /* ReceiveTuoViewController.m */ = {isa = PBXFileReference; fileEncoding = 4; lastKnownFileType = sourcecode.c.objc; path = ReceiveTuoViewController.m; sourceTree = "<group>"; };
		B04EF1D919469CBA00A95D7A /* ReceiveXiangViewController.h */ = {isa = PBXFileReference; fileEncoding = 4; lastKnownFileType = sourcecode.c.h; path = ReceiveXiangViewController.h; sourceTree = "<group>"; };
		B04EF1DA19469CBA00A95D7A /* ReceiveXiangViewController.m */ = {isa = PBXFileReference; fileEncoding = 4; lastKnownFileType = sourcecode.c.objc; path = ReceiveXiangViewController.m; sourceTree = "<group>"; };
		B04EF1DC1946A49500A95D7A /* ShopXiangTableViewCell.h */ = {isa = PBXFileReference; fileEncoding = 4; lastKnownFileType = sourcecode.c.h; path = ShopXiangTableViewCell.h; sourceTree = "<group>"; };
		B04EF1DD1946A49500A95D7A /* ShopXiangTableViewCell.m */ = {isa = PBXFileReference; fileEncoding = 4; lastKnownFileType = sourcecode.c.objc; path = ShopXiangTableViewCell.m; sourceTree = "<group>"; };
		B04EF1DE1946A49500A95D7A /* ShopXiangTableViewCell.xib */ = {isa = PBXFileReference; fileEncoding = 4; lastKnownFileType = file.xib; path = ShopXiangTableViewCell.xib; sourceTree = "<group>"; };
		B04EF1E61946B41300A95D7A /* HistoryReceiveViewController.h */ = {isa = PBXFileReference; fileEncoding = 4; lastKnownFileType = sourcecode.c.h; path = HistoryReceiveViewController.h; sourceTree = "<group>"; };
		B04EF1E71946B41300A95D7A /* HistoryReceiveViewController.m */ = {isa = PBXFileReference; fileEncoding = 4; lastKnownFileType = sourcecode.c.objc; path = HistoryReceiveViewController.m; sourceTree = "<group>"; };
		B04EF1EA1946DE1000A95D7A /* HistoryYunTableViewController.h */ = {isa = PBXFileReference; fileEncoding = 4; lastKnownFileType = sourcecode.c.h; path = HistoryYunTableViewController.h; sourceTree = "<group>"; };
		B04EF1EB1946DE1000A95D7A /* HistoryYunTableViewController.m */ = {isa = PBXFileReference; fileEncoding = 4; lastKnownFileType = sourcecode.c.objc; path = HistoryYunTableViewController.m; sourceTree = "<group>"; };
		B04EF1ED1946DE1C00A95D7A /* HistoryTuoTableViewController.h */ = {isa = PBXFileReference; fileEncoding = 4; lastKnownFileType = sourcecode.c.h; path = HistoryTuoTableViewController.h; sourceTree = "<group>"; };
		B04EF1EE1946DE1C00A95D7A /* HistoryTuoTableViewController.m */ = {isa = PBXFileReference; fileEncoding = 4; lastKnownFileType = sourcecode.c.objc; path = HistoryTuoTableViewController.m; sourceTree = "<group>"; };
		B04EF1F01946DE2900A95D7A /* HistoryXiangTableViewController.h */ = {isa = PBXFileReference; fileEncoding = 4; lastKnownFileType = sourcecode.c.h; path = HistoryXiangTableViewController.h; sourceTree = "<group>"; };
		B04EF1F11946DE2900A95D7A /* HistoryXiangTableViewController.m */ = {isa = PBXFileReference; fileEncoding = 4; lastKnownFileType = sourcecode.c.objc; path = HistoryXiangTableViewController.m; sourceTree = "<group>"; };
		B04EF1F31946E53600A95D7A /* ShopSettingViewController.h */ = {isa = PBXFileReference; fileEncoding = 4; lastKnownFileType = sourcecode.c.h; path = ShopSettingViewController.h; sourceTree = "<group>"; };
		B04EF1F41946E53600A95D7A /* ShopSettingViewController.m */ = {isa = PBXFileReference; fileEncoding = 4; lastKnownFileType = sourcecode.c.objc; path = ShopSettingViewController.m; sourceTree = "<group>"; };
		B04EF1F71946E60D00A95D7A /* AFHTTPRequestOperation.h */ = {isa = PBXFileReference; fileEncoding = 4; lastKnownFileType = sourcecode.c.h; path = AFHTTPRequestOperation.h; sourceTree = "<group>"; };
		B04EF1F81946E60D00A95D7A /* AFHTTPRequestOperation.m */ = {isa = PBXFileReference; fileEncoding = 4; lastKnownFileType = sourcecode.c.objc; path = AFHTTPRequestOperation.m; sourceTree = "<group>"; };
		B04EF1F91946E60D00A95D7A /* AFHTTPRequestOperationManager.h */ = {isa = PBXFileReference; fileEncoding = 4; lastKnownFileType = sourcecode.c.h; path = AFHTTPRequestOperationManager.h; sourceTree = "<group>"; };
		B04EF1FA1946E60D00A95D7A /* AFHTTPRequestOperationManager.m */ = {isa = PBXFileReference; fileEncoding = 4; lastKnownFileType = sourcecode.c.objc; path = AFHTTPRequestOperationManager.m; sourceTree = "<group>"; };
		B04EF1FB1946E60D00A95D7A /* AFHTTPSessionManager.h */ = {isa = PBXFileReference; fileEncoding = 4; lastKnownFileType = sourcecode.c.h; path = AFHTTPSessionManager.h; sourceTree = "<group>"; };
		B04EF1FC1946E60D00A95D7A /* AFHTTPSessionManager.m */ = {isa = PBXFileReference; fileEncoding = 4; lastKnownFileType = sourcecode.c.objc; path = AFHTTPSessionManager.m; sourceTree = "<group>"; };
		B04EF1FD1946E60D00A95D7A /* AFNetworking.h */ = {isa = PBXFileReference; fileEncoding = 4; lastKnownFileType = sourcecode.c.h; path = AFNetworking.h; sourceTree = "<group>"; };
		B04EF1FE1946E60D00A95D7A /* AFNetworkReachabilityManager.h */ = {isa = PBXFileReference; fileEncoding = 4; lastKnownFileType = sourcecode.c.h; path = AFNetworkReachabilityManager.h; sourceTree = "<group>"; };
		B04EF1FF1946E60D00A95D7A /* AFNetworkReachabilityManager.m */ = {isa = PBXFileReference; fileEncoding = 4; lastKnownFileType = sourcecode.c.objc; path = AFNetworkReachabilityManager.m; sourceTree = "<group>"; };
		B04EF2001946E60D00A95D7A /* AFSecurityPolicy.h */ = {isa = PBXFileReference; fileEncoding = 4; lastKnownFileType = sourcecode.c.h; path = AFSecurityPolicy.h; sourceTree = "<group>"; };
		B04EF2011946E60D00A95D7A /* AFSecurityPolicy.m */ = {isa = PBXFileReference; fileEncoding = 4; lastKnownFileType = sourcecode.c.objc; path = AFSecurityPolicy.m; sourceTree = "<group>"; };
		B04EF2021946E60D00A95D7A /* AFURLConnectionOperation.h */ = {isa = PBXFileReference; fileEncoding = 4; lastKnownFileType = sourcecode.c.h; path = AFURLConnectionOperation.h; sourceTree = "<group>"; };
		B04EF2031946E60D00A95D7A /* AFURLConnectionOperation.m */ = {isa = PBXFileReference; fileEncoding = 4; lastKnownFileType = sourcecode.c.objc; path = AFURLConnectionOperation.m; sourceTree = "<group>"; };
		B04EF2041946E60D00A95D7A /* AFURLRequestSerialization.h */ = {isa = PBXFileReference; fileEncoding = 4; lastKnownFileType = sourcecode.c.h; path = AFURLRequestSerialization.h; sourceTree = "<group>"; };
		B04EF2051946E60D00A95D7A /* AFURLRequestSerialization.m */ = {isa = PBXFileReference; fileEncoding = 4; lastKnownFileType = sourcecode.c.objc; path = AFURLRequestSerialization.m; sourceTree = "<group>"; };
		B04EF2061946E60D00A95D7A /* AFURLResponseSerialization.h */ = {isa = PBXFileReference; fileEncoding = 4; lastKnownFileType = sourcecode.c.h; path = AFURLResponseSerialization.h; sourceTree = "<group>"; };
		B04EF2071946E60D00A95D7A /* AFURLResponseSerialization.m */ = {isa = PBXFileReference; fileEncoding = 4; lastKnownFileType = sourcecode.c.objc; path = AFURLResponseSerialization.m; sourceTree = "<group>"; };
		B04EF2081946E60D00A95D7A /* AFURLSessionManager.h */ = {isa = PBXFileReference; fileEncoding = 4; lastKnownFileType = sourcecode.c.h; path = AFURLSessionManager.h; sourceTree = "<group>"; };
		B04EF2091946E60D00A95D7A /* AFURLSessionManager.m */ = {isa = PBXFileReference; fileEncoding = 4; lastKnownFileType = sourcecode.c.objc; path = AFURLSessionManager.m; sourceTree = "<group>"; };
		B04EF2131946E87800A95D7A /* AFNetOperate.h */ = {isa = PBXFileReference; fileEncoding = 4; lastKnownFileType = sourcecode.c.h; path = AFNetOperate.h; sourceTree = "<group>"; };
		B04EF2141946E87800A95D7A /* AFNetOperate.m */ = {isa = PBXFileReference; fileEncoding = 4; lastKnownFileType = sourcecode.c.objc; path = AFNetOperate.m; sourceTree = "<group>"; };
		B04EF2161946E89400A95D7A /* URL.plist */ = {isa = PBXFileReference; fileEncoding = 4; lastKnownFileType = text.plist.xml; path = URL.plist; sourceTree = "<group>"; };
		B052E9841973B01D009E4D53 /* ScanStandard.h */ = {isa = PBXFileReference; fileEncoding = 4; lastKnownFileType = sourcecode.c.h; path = ScanStandard.h; sourceTree = "<group>"; };
		B052E9851973B01D009E4D53 /* ScanStandard.m */ = {isa = PBXFileReference; fileEncoding = 4; lastKnownFileType = sourcecode.c.objc; path = ScanStandard.m; sourceTree = "<group>"; };
		B058550019A2F800000C85E5 /* TuoCheckTableViewCell.h */ = {isa = PBXFileReference; fileEncoding = 4; lastKnownFileType = sourcecode.c.h; path = TuoCheckTableViewCell.h; sourceTree = "<group>"; };
		B058550119A2F800000C85E5 /* TuoCheckTableViewCell.m */ = {isa = PBXFileReference; fileEncoding = 4; lastKnownFileType = sourcecode.c.objc; path = TuoCheckTableViewCell.m; sourceTree = "<group>"; };
		B058550219A2F800000C85E5 /* TuoCheckTableViewCell.xib */ = {isa = PBXFileReference; fileEncoding = 4; lastKnownFileType = file.xib; path = TuoCheckTableViewCell.xib; sourceTree = "<group>"; };
		B058550519A2F832000C85E5 /* TuoCheckGeneralViewController.h */ = {isa = PBXFileReference; fileEncoding = 4; lastKnownFileType = sourcecode.c.h; path = TuoCheckGeneralViewController.h; sourceTree = "<group>"; };
		B058550619A2F832000C85E5 /* TuoCheckGeneralViewController.m */ = {isa = PBXFileReference; fileEncoding = 4; lastKnownFileType = sourcecode.c.objc; path = TuoCheckGeneralViewController.m; sourceTree = "<group>"; };
		B058550819A2F840000C85E5 /* TuoCheckDetailViewController.h */ = {isa = PBXFileReference; fileEncoding = 4; lastKnownFileType = sourcecode.c.h; path = TuoCheckDetailViewController.h; sourceTree = "<group>"; };
		B058550919A2F840000C85E5 /* TuoCheckDetailViewController.m */ = {isa = PBXFileReference; fileEncoding = 4; lastKnownFileType = sourcecode.c.objc; path = TuoCheckDetailViewController.m; sourceTree = "<group>"; };
		B05EEDD51947FA2A009DDAE9 /* Captuvo.h */ = {isa = PBXFileReference; lastKnownFileType = sourcecode.c.h; path = Captuvo.h; sourceTree = "<group>"; };
		B05EEDD81947FAEA009DDAE9 /* ExternalAccessory.framework */ = {isa = PBXFileReference; lastKnownFileType = wrapper.framework; name = ExternalAccessory.framework; path = System/Library/Frameworks/ExternalAccessory.framework; sourceTree = SDKROOT; };
		B05FDFAC1985E99500608CBA /* NewValidate.h */ = {isa = PBXFileReference; fileEncoding = 4; lastKnownFileType = sourcecode.c.h; path = NewValidate.h; sourceTree = "<group>"; };
		B05FDFAD1985E99500608CBA /* NewValidate.m */ = {isa = PBXFileReference; fileEncoding = 4; lastKnownFileType = sourcecode.c.objc; path = NewValidate.m; sourceTree = "<group>"; };
		B0613979194163DF00A0CF62 /* TuoStore.h */ = {isa = PBXFileReference; fileEncoding = 4; lastKnownFileType = sourcecode.c.h; path = TuoStore.h; sourceTree = "<group>"; };
		B061397A194163DF00A0CF62 /* TuoStore.m */ = {isa = PBXFileReference; fileEncoding = 4; lastKnownFileType = sourcecode.c.objc; path = TuoStore.m; sourceTree = "<group>"; };
		B061397C1941643E00A0CF62 /* Tuo.h */ = {isa = PBXFileReference; fileEncoding = 4; lastKnownFileType = sourcecode.c.h; path = Tuo.h; sourceTree = "<group>"; };
		B061397D1941643E00A0CF62 /* Tuo.m */ = {isa = PBXFileReference; fileEncoding = 4; lastKnownFileType = sourcecode.c.objc; path = Tuo.m; sourceTree = "<group>"; };
		B061397F1941680C00A0CF62 /* Xiang.h */ = {isa = PBXFileReference; fileEncoding = 4; lastKnownFileType = sourcecode.c.h; path = Xiang.h; sourceTree = "<group>"; };
		B06139801941680C00A0CF62 /* Xiang.m */ = {isa = PBXFileReference; fileEncoding = 4; lastKnownFileType = sourcecode.c.objc; path = Xiang.m; sourceTree = "<group>"; };
		B0613985194173B600A0CF62 /* XiangStore.h */ = {isa = PBXFileReference; fileEncoding = 4; lastKnownFileType = sourcecode.c.h; path = XiangStore.h; sourceTree = "<group>"; };
		B0613986194173B600A0CF62 /* XiangStore.m */ = {isa = PBXFileReference; fileEncoding = 4; lastKnownFileType = sourcecode.c.objc; path = XiangStore.m; sourceTree = "<group>"; };
		B061398B1941BCF900A0CF62 /* TuoBaseViewController.h */ = {isa = PBXFileReference; fileEncoding = 4; lastKnownFileType = sourcecode.c.h; path = TuoBaseViewController.h; sourceTree = "<group>"; };
		B061398C1941BCF900A0CF62 /* TuoBaseViewController.m */ = {isa = PBXFileReference; fileEncoding = 4; lastKnownFileType = sourcecode.c.objc; path = TuoBaseViewController.m; sourceTree = "<group>"; };
		B061398E1941BD1300A0CF62 /* TuoScanViewController.h */ = {isa = PBXFileReference; fileEncoding = 4; lastKnownFileType = sourcecode.c.h; path = TuoScanViewController.h; sourceTree = "<group>"; };
		B061398F1941BD1300A0CF62 /* TuoScanViewController.m */ = {isa = PBXFileReference; fileEncoding = 4; lastKnownFileType = sourcecode.c.objc; path = TuoScanViewController.m; sourceTree = "<group>"; };
		B0619E42197CB044000C1C69 /* RequireListTableViewCell.h */ = {isa = PBXFileReference; fileEncoding = 4; lastKnownFileType = sourcecode.c.h; path = RequireListTableViewCell.h; sourceTree = "<group>"; };
		B0619E43197CB044000C1C69 /* RequireListTableViewCell.m */ = {isa = PBXFileReference; fileEncoding = 4; lastKnownFileType = sourcecode.c.objc; path = RequireListTableViewCell.m; sourceTree = "<group>"; };
		B0619E44197CB044000C1C69 /* RequireListTableViewCell.xib */ = {isa = PBXFileReference; fileEncoding = 4; lastKnownFileType = file.xib; path = RequireListTableViewCell.xib; sourceTree = "<group>"; };
		B0619E47197CB318000C1C69 /* RequireBill.h */ = {isa = PBXFileReference; fileEncoding = 4; lastKnownFileType = sourcecode.c.h; path = RequireBill.h; sourceTree = "<group>"; };
		B0619E48197CB318000C1C69 /* RequireBill.m */ = {isa = PBXFileReference; fileEncoding = 4; lastKnownFileType = sourcecode.c.objc; path = RequireBill.m; sourceTree = "<group>"; };
		B0619E4A197CB35C000C1C69 /* RequireXiang.h */ = {isa = PBXFileReference; fileEncoding = 4; lastKnownFileType = sourcecode.c.h; path = RequireXiang.h; sourceTree = "<group>"; };
		B0619E4B197CB35C000C1C69 /* RequireXiang.m */ = {isa = PBXFileReference; fileEncoding = 4; lastKnownFileType = sourcecode.c.objc; path = RequireXiang.m; sourceTree = "<group>"; };
		B0619E55197CBE17000C1C69 /* RequireXiangTableViewCell.h */ = {isa = PBXFileReference; fileEncoding = 4; lastKnownFileType = sourcecode.c.h; path = RequireXiangTableViewCell.h; sourceTree = "<group>"; };
		B0619E56197CBE17000C1C69 /* RequireXiangTableViewCell.m */ = {isa = PBXFileReference; fileEncoding = 4; lastKnownFileType = sourcecode.c.objc; path = RequireXiangTableViewCell.m; sourceTree = "<group>"; };
		B0619E57197CBE17000C1C69 /* RequireXiangTableViewCell.xib */ = {isa = PBXFileReference; fileEncoding = 4; lastKnownFileType = file.xib; path = RequireXiangTableViewCell.xib; sourceTree = "<group>"; };
		B0619E5A197CC8EB000C1C69 /* RequireTodayViewController.h */ = {isa = PBXFileReference; fileEncoding = 4; lastKnownFileType = sourcecode.c.h; path = RequireTodayViewController.h; sourceTree = "<group>"; };
		B0619E5B197CC8EB000C1C69 /* RequireTodayViewController.m */ = {isa = PBXFileReference; fileEncoding = 4; lastKnownFileType = sourcecode.c.objc; path = RequireTodayViewController.m; sourceTree = "<group>"; };
		B0619E5D197D0D32000C1C69 /* RequireGenerateViewController.h */ = {isa = PBXFileReference; fileEncoding = 4; lastKnownFileType = sourcecode.c.h; path = RequireGenerateViewController.h; sourceTree = "<group>"; };
		B0619E5E197D0D32000C1C69 /* RequireGenerateViewController.m */ = {isa = PBXFileReference; fileEncoding = 4; lastKnownFileType = sourcecode.c.objc; path = RequireGenerateViewController.m; sourceTree = "<group>"; };
		B0643D60197DEF6F0036AADA /* RequirePrintViewController.h */ = {isa = PBXFileReference; fileEncoding = 4; lastKnownFileType = sourcecode.c.h; path = RequirePrintViewController.h; sourceTree = "<group>"; };
		B0643D61197DEF6F0036AADA /* RequirePrintViewController.m */ = {isa = PBXFileReference; fileEncoding = 4; lastKnownFileType = sourcecode.c.objc; path = RequirePrintViewController.m; sourceTree = "<group>"; };
		B0643D64197DF40D0036AADA /* RequireDetailViewController.h */ = {isa = PBXFileReference; fileEncoding = 4; lastKnownFileType = sourcecode.c.h; path = RequireDetailViewController.h; sourceTree = "<group>"; };
		B0643D65197DF40D0036AADA /* RequireDetailViewController.m */ = {isa = PBXFileReference; fileEncoding = 4; lastKnownFileType = sourcecode.c.objc; path = RequireDetailViewController.m; sourceTree = "<group>"; };
		B0643D68197E041B0036AADA /* RequireHistoryViewController.h */ = {isa = PBXFileReference; fileEncoding = 4; lastKnownFileType = sourcecode.c.h; path = RequireHistoryViewController.h; sourceTree = "<group>"; };
		B0643D69197E041B0036AADA /* RequireHistoryViewController.m */ = {isa = PBXFileReference; fileEncoding = 4; lastKnownFileType = sourcecode.c.objc; path = RequireHistoryViewController.m; sourceTree = "<group>"; };
		B066FE2F194E714F00C0019D /* AudioToolbox.framework */ = {isa = PBXFileReference; lastKnownFileType = wrapper.framework; name = AudioToolbox.framework; path = System/Library/Frameworks/AudioToolbox.framework; sourceTree = SDKROOT; };
		B066FE31194EBDB300C0019D /* LoginSETTINGViewController.h */ = {isa = PBXFileReference; fileEncoding = 4; lastKnownFileType = sourcecode.c.h; path = LoginSETTINGViewController.h; sourceTree = "<group>"; };
		B066FE32194EBDB300C0019D /* LoginSETTINGViewController.m */ = {isa = PBXFileReference; fileEncoding = 4; lastKnownFileType = sourcecode.c.objc; path = LoginSETTINGViewController.m; sourceTree = "<group>"; };
		B06E027419403D3D001B7899 /* Storyboard.storyboard */ = {isa = PBXFileReference; fileEncoding = 4; lastKnownFileType = file.storyboard; path = Storyboard.storyboard; sourceTree = "<group>"; };
		B073F7D2199D9382007011E6 /* PingWatcher.h */ = {isa = PBXFileReference; fileEncoding = 4; lastKnownFileType = sourcecode.c.h; path = PingWatcher.h; sourceTree = "<group>"; };
		B073F7D3199D9382007011E6 /* PingWatcher.m */ = {isa = PBXFileReference; fileEncoding = 4; lastKnownFileType = sourcecode.c.objc; path = PingWatcher.m; sourceTree = "<group>"; };
		B07CE56A198B8890000FD578 /* RequireCheckXiangTableViewCell.h */ = {isa = PBXFileReference; fileEncoding = 4; lastKnownFileType = sourcecode.c.h; path = RequireCheckXiangTableViewCell.h; sourceTree = "<group>"; };
		B07CE56B198B8890000FD578 /* RequireCheckXiangTableViewCell.m */ = {isa = PBXFileReference; fileEncoding = 4; lastKnownFileType = sourcecode.c.objc; path = RequireCheckXiangTableViewCell.m; sourceTree = "<group>"; };
		B07CE56C198B8890000FD578 /* RequireCheckXiangTableViewCell.xib */ = {isa = PBXFileReference; fileEncoding = 4; lastKnownFileType = file.xib; path = RequireCheckXiangTableViewCell.xib; sourceTree = "<group>"; };
		B07CE56F198B8CAA000FD578 /* RequireCheckBill.h */ = {isa = PBXFileReference; fileEncoding = 4; lastKnownFileType = sourcecode.c.h; path = RequireCheckBill.h; sourceTree = "<group>"; };
		B07CE570198B8CAA000FD578 /* RequireCheckBill.m */ = {isa = PBXFileReference; fileEncoding = 4; lastKnownFileType = sourcecode.c.objc; path = RequireCheckBill.m; sourceTree = "<group>"; };
		B085F60C194004CC001F01F3 /* 物料管理系统.app */ = {isa = PBXFileReference; explicitFileType = wrapper.application; includeInIndex = 0; path = "物料管理系统.app"; sourceTree = BUILT_PRODUCTS_DIR; };
		B085F60F194004CC001F01F3 /* Foundation.framework */ = {isa = PBXFileReference; lastKnownFileType = wrapper.framework; name = Foundation.framework; path = System/Library/Frameworks/Foundation.framework; sourceTree = SDKROOT; };
		B085F611194004CC001F01F3 /* CoreGraphics.framework */ = {isa = PBXFileReference; lastKnownFileType = wrapper.framework; name = CoreGraphics.framework; path = System/Library/Frameworks/CoreGraphics.framework; sourceTree = SDKROOT; };
		B085F613194004CC001F01F3 /* UIKit.framework */ = {isa = PBXFileReference; lastKnownFileType = wrapper.framework; name = UIKit.framework; path = System/Library/Frameworks/UIKit.framework; sourceTree = SDKROOT; };
		B085F617194004CC001F01F3 /* Material-Info.plist */ = {isa = PBXFileReference; lastKnownFileType = text.plist.xml; path = "Material-Info.plist"; sourceTree = "<group>"; };
		B085F619194004CC001F01F3 /* en */ = {isa = PBXFileReference; lastKnownFileType = text.plist.strings; name = en; path = en.lproj/InfoPlist.strings; sourceTree = "<group>"; };
		B085F61B194004CC001F01F3 /* main.m */ = {isa = PBXFileReference; lastKnownFileType = sourcecode.c.objc; path = main.m; sourceTree = "<group>"; };
		B085F61D194004CC001F01F3 /* Material-Prefix.pch */ = {isa = PBXFileReference; lastKnownFileType = sourcecode.c.h; path = "Material-Prefix.pch"; sourceTree = "<group>"; };
		B085F61E194004CC001F01F3 /* MAppDelegate.h */ = {isa = PBXFileReference; lastKnownFileType = sourcecode.c.h; path = MAppDelegate.h; sourceTree = "<group>"; };
		B085F61F194004CC001F01F3 /* MAppDelegate.m */ = {isa = PBXFileReference; lastKnownFileType = sourcecode.c.objc; path = MAppDelegate.m; sourceTree = "<group>"; };
		B085F621194004CC001F01F3 /* Images.xcassets */ = {isa = PBXFileReference; lastKnownFileType = folder.assetcatalog; path = Images.xcassets; sourceTree = "<group>"; };
		B085F627194004CC001F01F3 /* MaterialTests.xctest */ = {isa = PBXFileReference; explicitFileType = wrapper.cfbundle; includeInIndex = 0; path = MaterialTests.xctest; sourceTree = BUILT_PRODUCTS_DIR; };
		B085F628194004CC001F01F3 /* XCTest.framework */ = {isa = PBXFileReference; lastKnownFileType = wrapper.framework; name = XCTest.framework; path = Library/Frameworks/XCTest.framework; sourceTree = DEVELOPER_DIR; };
		B085F630194004CC001F01F3 /* MaterialTests-Info.plist */ = {isa = PBXFileReference; lastKnownFileType = text.plist.xml; path = "MaterialTests-Info.plist"; sourceTree = "<group>"; };
		B085F632194004CC001F01F3 /* en */ = {isa = PBXFileReference; lastKnownFileType = text.plist.strings; name = en; path = en.lproj/InfoPlist.strings; sourceTree = "<group>"; };
		B085F634194004CC001F01F3 /* MaterialTests.m */ = {isa = PBXFileReference; lastKnownFileType = sourcecode.c.objc; path = MaterialTests.m; sourceTree = "<group>"; };
		B085F63F1940071A001F01F3 /* Login.h */ = {isa = PBXFileReference; fileEncoding = 4; lastKnownFileType = sourcecode.c.h; path = Login.h; sourceTree = "<group>"; };
		B085F6401940071A001F01F3 /* Login.m */ = {isa = PBXFileReference; fileEncoding = 4; lastKnownFileType = sourcecode.c.objc; path = Login.m; sourceTree = "<group>"; };
		B085F64819401091001F01F3 /* Security.framework */ = {isa = PBXFileReference; lastKnownFileType = wrapper.framework; name = Security.framework; path = System/Library/Frameworks/Security.framework; sourceTree = SDKROOT; };
		B085F64A1940119E001F01F3 /* TuoTableViewController.h */ = {isa = PBXFileReference; fileEncoding = 4; lastKnownFileType = sourcecode.c.h; path = TuoTableViewController.h; sourceTree = "<group>"; };
		B085F64B1940119E001F01F3 /* TuoTableViewController.m */ = {isa = PBXFileReference; fileEncoding = 4; lastKnownFileType = sourcecode.c.objc; path = TuoTableViewController.m; sourceTree = "<group>"; };
		B085F64D194014A8001F01F3 /* KeychainItemWrapper.h */ = {isa = PBXFileReference; fileEncoding = 4; lastKnownFileType = sourcecode.c.h; path = KeychainItemWrapper.h; sourceTree = "<group>"; };
		B085F64E194014A8001F01F3 /* KeychainItemWrapper.m */ = {isa = PBXFileReference; fileEncoding = 4; lastKnownFileType = sourcecode.c.objc; path = KeychainItemWrapper.m; sourceTree = "<group>"; };
		B085F6511940183D001F01F3 /* YunTableViewController.h */ = {isa = PBXFileReference; fileEncoding = 4; lastKnownFileType = sourcecode.c.h; path = YunTableViewController.h; sourceTree = "<group>"; };
		B085F6521940183D001F01F3 /* YunTableViewController.m */ = {isa = PBXFileReference; fileEncoding = 4; lastKnownFileType = sourcecode.c.objc; path = YunTableViewController.m; sourceTree = "<group>"; };
		B085F6541940184E001F01F3 /* SettingViewController.h */ = {isa = PBXFileReference; fileEncoding = 4; lastKnownFileType = sourcecode.c.h; path = SettingViewController.h; sourceTree = "<group>"; };
		B085F6551940184E001F01F3 /* SettingViewController.m */ = {isa = PBXFileReference; fileEncoding = 4; lastKnownFileType = sourcecode.c.objc; path = SettingViewController.m; sourceTree = "<group>"; };
		B08B8F0A1953D39E009739DB /* TuoTableViewCell.h */ = {isa = PBXFileReference; fileEncoding = 4; lastKnownFileType = sourcecode.c.h; path = TuoTableViewCell.h; sourceTree = "<group>"; };
		B08B8F0B1953D39E009739DB /* TuoTableViewCell.m */ = {isa = PBXFileReference; fileEncoding = 4; lastKnownFileType = sourcecode.c.objc; path = TuoTableViewCell.m; sourceTree = "<group>"; };
		B08B8F0C1953D39E009739DB /* TuoTableViewCell.xib */ = {isa = PBXFileReference; fileEncoding = 4; lastKnownFileType = file.xib; path = TuoTableViewCell.xib; sourceTree = "<group>"; };
		B099FD15199C90A60049586E /* SimplePing.h */ = {isa = PBXFileReference; fileEncoding = 4; lastKnownFileType = sourcecode.c.h; path = SimplePing.h; sourceTree = "<group>"; };
		B099FD16199C90A60049586E /* SimplePing.m */ = {isa = PBXFileReference; fileEncoding = 4; lastKnownFileType = sourcecode.c.objc; path = SimplePing.m; sourceTree = "<group>"; };
		B099FD18199C90C30049586E /* SimplePingHelper.h */ = {isa = PBXFileReference; fileEncoding = 4; lastKnownFileType = sourcecode.c.h; path = SimplePingHelper.h; sourceTree = "<group>"; };
		B099FD19199C90C30049586E /* SimplePingHelper.m */ = {isa = PBXFileReference; fileEncoding = 4; lastKnownFileType = sourcecode.c.objc; path = SimplePingHelper.m; sourceTree = "<group>"; };
		B09BF6BB1959508E00FCF00A /* Reachability.h */ = {isa = PBXFileReference; fileEncoding = 4; lastKnownFileType = sourcecode.c.h; path = Reachability.h; sourceTree = "<group>"; };
		B09BF6BC1959508E00FCF00A /* Reachability.m */ = {isa = PBXFileReference; fileEncoding = 4; lastKnownFileType = sourcecode.c.objc; path = Reachability.m; sourceTree = "<group>"; };
		B09BF6BE195950A900FCF00A /* SystemConfiguration.framework */ = {isa = PBXFileReference; lastKnownFileType = wrapper.framework; name = SystemConfiguration.framework; path = System/Library/Frameworks/SystemConfiguration.framework; sourceTree = SDKROOT; };
		B09CC8DD1958123600BD3DE8 /* zh-Hans */ = {isa = PBXFileReference; lastKnownFileType = text.plist.strings; name = "zh-Hans"; path = "zh-Hans.lproj/InfoPlist.strings"; sourceTree = "<group>"; };
		B09CC8DE1958123600BD3DE8 /* zh-Hans */ = {isa = PBXFileReference; lastKnownFileType = text.plist.strings; name = "zh-Hans"; path = "zh-Hans.lproj/InfoPlist.strings"; sourceTree = "<group>"; };
		B09E30D6194932EA00894A4A /* libCaptuvoSDK.a */ = {isa = PBXFileReference; lastKnownFileType = archive.ar; path = libCaptuvoSDK.a; sourceTree = "<group>"; };
		B09ECD7019AAD36500783B6A /* LED.h */ = {isa = PBXFileReference; fileEncoding = 4; lastKnownFileType = sourcecode.c.h; path = LED.h; sourceTree = "<group>"; };
		B09ECD7119AAD36500783B6A /* LED.m */ = {isa = PBXFileReference; fileEncoding = 4; lastKnownFileType = sourcecode.c.objc; path = LED.m; sourceTree = "<group>"; };
		B09ECD7319AAD8C500783B6A /* LEDcolor.h */ = {isa = PBXFileReference; fileEncoding = 4; lastKnownFileType = sourcecode.c.h; path = LEDcolor.h; sourceTree = "<group>"; };
		B09ECD7419AAD8C500783B6A /* LEDcolor.m */ = {isa = PBXFileReference; fileEncoding = 4; lastKnownFileType = sourcecode.c.objc; path = LEDcolor.m; sourceTree = "<group>"; };
		B0A2ECE419A4529D00F80F26 /* ShopVerifyMoveViewController.h */ = {isa = PBXFileReference; fileEncoding = 4; lastKnownFileType = sourcecode.c.h; path = ShopVerifyMoveViewController.h; sourceTree = "<group>"; };
		B0A2ECE519A4529D00F80F26 /* ShopVerifyMoveViewController.m */ = {isa = PBXFileReference; fileEncoding = 4; lastKnownFileType = sourcecode.c.objc; path = ShopVerifyMoveViewController.m; sourceTree = "<group>"; };
		B0B468C41980FF3F00D88047 /* RequireXiangDetailViewController.h */ = {isa = PBXFileReference; fileEncoding = 4; lastKnownFileType = sourcecode.c.h; path = RequireXiangDetailViewController.h; sourceTree = "<group>"; };
		B0B468C51980FF3F00D88047 /* RequireXiangDetailViewController.m */ = {isa = PBXFileReference; fileEncoding = 4; lastKnownFileType = sourcecode.c.objc; path = RequireXiangDetailViewController.m; sourceTree = "<group>"; };
		B0BE292D1949921900061E67 /* XiangTableViewCell.h */ = {isa = PBXFileReference; fileEncoding = 4; lastKnownFileType = sourcecode.c.h; path = XiangTableViewCell.h; sourceTree = "<group>"; };
		B0BE292E1949921900061E67 /* XiangTableViewCell.m */ = {isa = PBXFileReference; fileEncoding = 4; lastKnownFileType = sourcecode.c.objc; path = XiangTableViewCell.m; sourceTree = "<group>"; };
		B0BE292F1949921900061E67 /* XiangTableViewCell.xib */ = {isa = PBXFileReference; fileEncoding = 4; lastKnownFileType = file.xib; path = XiangTableViewCell.xib; sourceTree = "<group>"; };
		B0DF64331943E1D1002D044B /* PrintViewController.h */ = {isa = PBXFileReference; fileEncoding = 4; lastKnownFileType = sourcecode.c.h; path = PrintViewController.h; sourceTree = "<group>"; };
		B0DF64341943E1D1002D044B /* PrintViewController.m */ = {isa = PBXFileReference; fileEncoding = 4; lastKnownFileType = sourcecode.c.objc; path = PrintViewController.m; sourceTree = "<group>"; };
		B0DF643719440033002D044B /* XiangTableViewController.h */ = {isa = PBXFileReference; fileEncoding = 4; lastKnownFileType = sourcecode.c.h; path = XiangTableViewController.h; sourceTree = "<group>"; };
		B0DF643819440033002D044B /* XiangTableViewController.m */ = {isa = PBXFileReference; fileEncoding = 4; lastKnownFileType = sourcecode.c.objc; path = XiangTableViewController.m; sourceTree = "<group>"; };
		B0DF643A19440FCA002D044B /* XiangEditViewController.h */ = {isa = PBXFileReference; fileEncoding = 4; lastKnownFileType = sourcecode.c.h; path = XiangEditViewController.h; sourceTree = "<group>"; };
		B0DF643B19440FCA002D044B /* XiangEditViewController.m */ = {isa = PBXFileReference; fileEncoding = 4; lastKnownFileType = sourcecode.c.objc; path = XiangEditViewController.m; sourceTree = "<group>"; };
		B0DF643D1944588B002D044B /* TuoEditViewController.h */ = {isa = PBXFileReference; fileEncoding = 4; lastKnownFileType = sourcecode.c.h; path = TuoEditViewController.h; sourceTree = "<group>"; };
		B0DF643E1944588B002D044B /* TuoEditViewController.m */ = {isa = PBXFileReference; fileEncoding = 4; lastKnownFileType = sourcecode.c.objc; path = TuoEditViewController.m; sourceTree = "<group>"; };
		B0DF644019446E5B002D044B /* TuoPrintViewController.h */ = {isa = PBXFileReference; fileEncoding = 4; lastKnownFileType = sourcecode.c.h; path = TuoPrintViewController.h; sourceTree = "<group>"; };
		B0DF644119446E5B002D044B /* TuoPrintViewController.m */ = {isa = PBXFileReference; fileEncoding = 4; lastKnownFileType = sourcecode.c.objc; path = TuoPrintViewController.m; sourceTree = "<group>"; };
		B0DF644319448B67002D044B /* Yun.h */ = {isa = PBXFileReference; fileEncoding = 4; lastKnownFileType = sourcecode.c.h; path = Yun.h; sourceTree = "<group>"; };
		B0DF644419448B67002D044B /* Yun.m */ = {isa = PBXFileReference; fileEncoding = 4; lastKnownFileType = sourcecode.c.objc; path = Yun.m; sourceTree = "<group>"; };
		B0DF644619448B75002D044B /* YunStore.h */ = {isa = PBXFileReference; fileEncoding = 4; lastKnownFileType = sourcecode.c.h; path = YunStore.h; sourceTree = "<group>"; };
		B0DF644719448B75002D044B /* YunStore.m */ = {isa = PBXFileReference; fileEncoding = 4; lastKnownFileType = sourcecode.c.objc; path = YunStore.m; sourceTree = "<group>"; };
		B0E1D4F01952CD3500105D4D /* ReceivePrintViewController.h */ = {isa = PBXFileReference; fileEncoding = 4; lastKnownFileType = sourcecode.c.h; path = ReceivePrintViewController.h; sourceTree = "<group>"; };
		B0E1D4F11952CD3500105D4D /* ReceivePrintViewController.m */ = {isa = PBXFileReference; fileEncoding = 4; lastKnownFileType = sourcecode.c.objc; path = ReceivePrintViewController.m; sourceTree = "<group>"; };
		B0E8C6A2197F603500F0A030 /* RequireSettingViewController.h */ = {isa = PBXFileReference; fileEncoding = 4; lastKnownFileType = sourcecode.c.h; path = RequireSettingViewController.h; sourceTree = "<group>"; };
		B0E8C6A3197F603500F0A030 /* RequireSettingViewController.m */ = {isa = PBXFileReference; fileEncoding = 4; lastKnownFileType = sourcecode.c.objc; path = RequireSettingViewController.m; sourceTree = "<group>"; };
		B0EDB1DA19A2ECA400917D54 /* SortArray.h */ = {isa = PBXFileReference; fileEncoding = 4; lastKnownFileType = sourcecode.c.h; path = SortArray.h; sourceTree = "<group>"; };
		B0EDB1DB19A2ECA400917D54 /* SortArray.m */ = {isa = PBXFileReference; fileEncoding = 4; lastKnownFileType = sourcecode.c.objc; path = SortArray.m; sourceTree = "<group>"; };
		B0FDC96719453D63008E4B72 /* YunChooseTuoViewController.h */ = {isa = PBXFileReference; fileEncoding = 4; lastKnownFileType = sourcecode.c.h; path = YunChooseTuoViewController.h; sourceTree = "<group>"; };
		B0FDC96819453D63008E4B72 /* YunChooseTuoViewController.m */ = {isa = PBXFileReference; fileEncoding = 4; lastKnownFileType = sourcecode.c.objc; path = YunChooseTuoViewController.m; sourceTree = "<group>"; };
		B0FDC96A19453EF7008E4B72 /* YunHaveTuoTableViewController.h */ = {isa = PBXFileReference; fileEncoding = 4; lastKnownFileType = sourcecode.c.h; path = YunHaveTuoTableViewController.h; sourceTree = "<group>"; };
		B0FDC96B19453EF7008E4B72 /* YunHaveTuoTableViewController.m */ = {isa = PBXFileReference; fileEncoding = 4; lastKnownFileType = sourcecode.c.objc; path = YunHaveTuoTableViewController.m; sourceTree = "<group>"; };
		B0FDC96D194555FE008E4B72 /* YunInfoViewController.h */ = {isa = PBXFileReference; fileEncoding = 4; lastKnownFileType = sourcecode.c.h; path = YunInfoViewController.h; sourceTree = "<group>"; };
		B0FDC96E194555FE008E4B72 /* YunInfoViewController.m */ = {isa = PBXFileReference; fileEncoding = 4; lastKnownFileType = sourcecode.c.objc; path = YunInfoViewController.m; sourceTree = "<group>"; };
		B0FDC97019458B6F008E4B72 /* YunEditViewController.h */ = {isa = PBXFileReference; fileEncoding = 4; lastKnownFileType = sourcecode.c.h; path = YunEditViewController.h; sourceTree = "<group>"; };
		B0FDC97119458B6F008E4B72 /* YunEditViewController.m */ = {isa = PBXFileReference; fileEncoding = 4; lastKnownFileType = sourcecode.c.objc; path = YunEditViewController.m; sourceTree = "<group>"; };
/* End PBXFileReference section */

/* Begin PBXFrameworksBuildPhase section */
		B085F609194004CC001F01F3 /* Frameworks */ = {
			isa = PBXFrameworksBuildPhase;
			buildActionMask = 2147483647;
			files = (
				B09BF6BF195950A900FCF00A /* SystemConfiguration.framework in Frameworks */,
				B066FE30194E714F00C0019D /* AudioToolbox.framework in Frameworks */,
				B09E30D9194934F700894A4A /* ExternalAccessory.framework in Frameworks */,
				B085F64919401091001F01F3 /* Security.framework in Frameworks */,
				B085F612194004CC001F01F3 /* CoreGraphics.framework in Frameworks */,
				B09E30D7194932EA00894A4A /* libCaptuvoSDK.a in Frameworks */,
				B085F614194004CC001F01F3 /* UIKit.framework in Frameworks */,
				B085F610194004CC001F01F3 /* Foundation.framework in Frameworks */,
			);
			runOnlyForDeploymentPostprocessing = 0;
		};
		B085F624194004CC001F01F3 /* Frameworks */ = {
			isa = PBXFrameworksBuildPhase;
			buildActionMask = 2147483647;
			files = (
				B085F629194004CC001F01F3 /* XCTest.framework in Frameworks */,
				B085F62B194004CC001F01F3 /* UIKit.framework in Frameworks */,
				B085F62A194004CC001F01F3 /* Foundation.framework in Frameworks */,
			);
			runOnlyForDeploymentPostprocessing = 0;
		};
/* End PBXFrameworksBuildPhase section */

/* Begin PBXGroup section */
		B001BEFC19A58A67000800AD /* trace */ = {
			isa = PBXGroup;
			children = (
				B001BEFD19A58A88000800AD /* RequireTraceViewController.h */,
				B001BEFE19A58A88000800AD /* RequireTraceViewController.m */,
				B001BF0019A58A97000800AD /* RequireTraceDetailViewController.h */,
				B001BF0119A58A97000800AD /* RequireTraceDetailViewController.m */,
			);
			name = trace;
			sourceTree = "<group>";
		};
		B0454CC9197600D1001476F4 /* DELIVERY */ = {
			isa = PBXGroup;
			children = (
				B0DF644319448B67002D044B /* Yun.h */,
				B0DF644419448B67002D044B /* Yun.m */,
				B0DF644619448B75002D044B /* YunStore.h */,
				B0DF644719448B75002D044B /* YunStore.m */,
				B061397C1941643E00A0CF62 /* Tuo.h */,
				B061397D1941643E00A0CF62 /* Tuo.m */,
				B0613979194163DF00A0CF62 /* TuoStore.h */,
				B061397A194163DF00A0CF62 /* TuoStore.m */,
				B061397F1941680C00A0CF62 /* Xiang.h */,
				B06139801941680C00A0CF62 /* Xiang.m */,
				B0613985194173B600A0CF62 /* XiangStore.h */,
				B0613986194173B600A0CF62 /* XiangStore.m */,
			);
			name = DELIVERY;
			sourceTree = "<group>";
		};
		B0454CCA19760121001476F4 /* REQUIRE */ = {
			isa = PBXGroup;
			children = (
				B0619E47197CB318000C1C69 /* RequireBill.h */,
				B0619E48197CB318000C1C69 /* RequireBill.m */,
				B0619E4A197CB35C000C1C69 /* RequireXiang.h */,
				B0619E4B197CB35C000C1C69 /* RequireXiang.m */,
				B07CE56F198B8CAA000FD578 /* RequireCheckBill.h */,
				B07CE570198B8CAA000FD578 /* RequireCheckBill.m */,
				B09ECD7019AAD36500783B6A /* LED.h */,
				B09ECD7119AAD36500783B6A /* LED.m */,
			);
			name = REQUIRE;
			sourceTree = "<group>";
		};
		B0454CCB19760224001476F4 /* REQUIRE */ = {
			isa = PBXGroup;
			children = (
				B0643D63197DF3F70036AADA /* list */,
				B0643D67197E03F30036AADA /* history */,
				B001BEFC19A58A67000800AD /* trace */,
				B0E8C6A2197F603500F0A030 /* RequireSettingViewController.h */,
				B0E8C6A3197F603500F0A030 /* RequireSettingViewController.m */,
			);
			name = REQUIRE;
			sourceTree = "<group>";
		};
		B0454CCC1976022B001476F4 /* DELIVERY */ = {
			isa = PBXGroup;
			children = (
				B0FDC9761945AFA3008E4B72 /* STOCK */,
				B0FDC9771945AFC9008E4B72 /* SHOP */,
			);
			name = DELIVERY;
			sourceTree = "<group>";
		};
		B0454CCD19760244001476F4 /* DELIVERY */ = {
			isa = PBXGroup;
			children = (
				B0BE292D1949921900061E67 /* XiangTableViewCell.h */,
				B0BE292E1949921900061E67 /* XiangTableViewCell.m */,
				B0BE292F1949921900061E67 /* XiangTableViewCell.xib */,
				B08B8F0A1953D39E009739DB /* TuoTableViewCell.h */,
				B08B8F0B1953D39E009739DB /* TuoTableViewCell.m */,
				B08B8F0C1953D39E009739DB /* TuoTableViewCell.xib */,
				B04EF1D11946888900A95D7A /* ShopTuoTableViewCell.h */,
				B04EF1D21946888900A95D7A /* ShopTuoTableViewCell.m */,
				B04EF1D31946888900A95D7A /* ShopTuoTableViewCell.xib */,
				B04EF1DC1946A49500A95D7A /* ShopXiangTableViewCell.h */,
				B04EF1DD1946A49500A95D7A /* ShopXiangTableViewCell.m */,
				B04EF1DE1946A49500A95D7A /* ShopXiangTableViewCell.xib */,
				B037ECF7194BDC50008C456E /* YunTableViewCell.h */,
				B037ECF8194BDC50008C456E /* YunTableViewCell.m */,
				B037ECF9194BDC50008C456E /* YunTableViewCell.xib */,
				B058550019A2F800000C85E5 /* TuoCheckTableViewCell.h */,
				B058550119A2F800000C85E5 /* TuoCheckTableViewCell.m */,
				B058550219A2F800000C85E5 /* TuoCheckTableViewCell.xib */,
			);
			name = DELIVERY;
			sourceTree = "<group>";
		};
		B0454CCE1976024E001476F4 /* REQUIRE */ = {
			isa = PBXGroup;
			children = (
				B0619E42197CB044000C1C69 /* RequireListTableViewCell.h */,
				B0619E43197CB044000C1C69 /* RequireListTableViewCell.m */,
				B0619E44197CB044000C1C69 /* RequireListTableViewCell.xib */,
				B0619E55197CBE17000C1C69 /* RequireXiangTableViewCell.h */,
				B0619E56197CBE17000C1C69 /* RequireXiangTableViewCell.m */,
				B0619E57197CBE17000C1C69 /* RequireXiangTableViewCell.xib */,
				B07CE56A198B8890000FD578 /* RequireCheckXiangTableViewCell.h */,
				B07CE56B198B8890000FD578 /* RequireCheckXiangTableViewCell.m */,
				B07CE56C198B8890000FD578 /* RequireCheckXiangTableViewCell.xib */,
				B001BF0319A59A90000800AD /* DrawLight.h */,
				B001BF0419A59A90000800AD /* DrawLight.m */,
			);
			name = REQUIRE;
			sourceTree = "<group>";
		};
		B04EF1E11946B1CC00A95D7A /* Receive */ = {
			isa = PBXGroup;
			children = (
				B04EF1D619468A9100A95D7A /* ReceiveTuoViewController.h */,
				B04EF1D719468A9100A95D7A /* ReceiveTuoViewController.m */,
				B03D5250194DBEA400696E4E /* ReceiveConfirmViewController.h */,
				B03D5251194DBEA400696E4E /* ReceiveConfirmViewController.m */,
				B04EF1D919469CBA00A95D7A /* ReceiveXiangViewController.h */,
				B04EF1DA19469CBA00A95D7A /* ReceiveXiangViewController.m */,
				B0E1D4F01952CD3500105D4D /* ReceivePrintViewController.h */,
				B0E1D4F11952CD3500105D4D /* ReceivePrintViewController.m */,
			);
			name = Receive;
			sourceTree = "<group>";
		};
		B04EF1E91946BDA900A95D7A /* History */ = {
			isa = PBXGroup;
			children = (
				B04EF1E61946B41300A95D7A /* HistoryReceiveViewController.h */,
				B04EF1E71946B41300A95D7A /* HistoryReceiveViewController.m */,
				B04EF1EA1946DE1000A95D7A /* HistoryYunTableViewController.h */,
				B04EF1EB1946DE1000A95D7A /* HistoryYunTableViewController.m */,
				B04EF1ED1946DE1C00A95D7A /* HistoryTuoTableViewController.h */,
				B04EF1EE1946DE1C00A95D7A /* HistoryTuoTableViewController.m */,
				B04EF1F01946DE2900A95D7A /* HistoryXiangTableViewController.h */,
				B04EF1F11946DE2900A95D7A /* HistoryXiangTableViewController.m */,
			);
			name = History;
			sourceTree = "<group>";
		};
		B04EF1F61946E60D00A95D7A /* AFNetworking */ = {
			isa = PBXGroup;
			children = (
				B04EF1F71946E60D00A95D7A /* AFHTTPRequestOperation.h */,
				B04EF1F81946E60D00A95D7A /* AFHTTPRequestOperation.m */,
				B04EF1F91946E60D00A95D7A /* AFHTTPRequestOperationManager.h */,
				B04EF1FA1946E60D00A95D7A /* AFHTTPRequestOperationManager.m */,
				B04EF1FB1946E60D00A95D7A /* AFHTTPSessionManager.h */,
				B04EF1FC1946E60D00A95D7A /* AFHTTPSessionManager.m */,
				B04EF1FD1946E60D00A95D7A /* AFNetworking.h */,
				B04EF1FE1946E60D00A95D7A /* AFNetworkReachabilityManager.h */,
				B04EF1FF1946E60D00A95D7A /* AFNetworkReachabilityManager.m */,
				B04EF2001946E60D00A95D7A /* AFSecurityPolicy.h */,
				B04EF2011946E60D00A95D7A /* AFSecurityPolicy.m */,
				B04EF2021946E60D00A95D7A /* AFURLConnectionOperation.h */,
				B04EF2031946E60D00A95D7A /* AFURLConnectionOperation.m */,
				B04EF2041946E60D00A95D7A /* AFURLRequestSerialization.h */,
				B04EF2051946E60D00A95D7A /* AFURLRequestSerialization.m */,
				B04EF2061946E60D00A95D7A /* AFURLResponseSerialization.h */,
				B04EF2071946E60D00A95D7A /* AFURLResponseSerialization.m */,
				B04EF2081946E60D00A95D7A /* AFURLSessionManager.h */,
				B04EF2091946E60D00A95D7A /* AFURLSessionManager.m */,
			);
			path = AFNetworking;
			sourceTree = "<group>";
		};
		B06139751941573B00A0CF62 /* Model */ = {
			isa = PBXGroup;
			children = (
				B0454CCA19760121001476F4 /* REQUIRE */,
				B0454CC9197600D1001476F4 /* DELIVERY */,
				B052E9841973B01D009E4D53 /* ScanStandard.h */,
				B052E9851973B01D009E4D53 /* ScanStandard.m */,
			);
			name = Model;
			sourceTree = "<group>";
		};
		B06139911941BEE400A0CF62 /* Tuo */ = {
			isa = PBXGroup;
			children = (
				B085F64A1940119E001F01F3 /* TuoTableViewController.h */,
				B085F64B1940119E001F01F3 /* TuoTableViewController.m */,
				B0DF643D1944588B002D044B /* TuoEditViewController.h */,
				B0DF643E1944588B002D044B /* TuoEditViewController.m */,
				B061398B1941BCF900A0CF62 /* TuoBaseViewController.h */,
				B061398C1941BCF900A0CF62 /* TuoBaseViewController.m */,
				B061398E1941BD1300A0CF62 /* TuoScanViewController.h */,
				B061398F1941BD1300A0CF62 /* TuoScanViewController.m */,
				B0DF644019446E5B002D044B /* TuoPrintViewController.h */,
				B0DF644119446E5B002D044B /* TuoPrintViewController.m */,
				B058550519A2F832000C85E5 /* TuoCheckGeneralViewController.h */,
				B058550619A2F832000C85E5 /* TuoCheckGeneralViewController.m */,
				B058550819A2F840000C85E5 /* TuoCheckDetailViewController.h */,
				B058550919A2F840000C85E5 /* TuoCheckDetailViewController.m */,
			);
			name = Tuo;
			sourceTree = "<group>";
		};
		B06139921941BEF700A0CF62 /* Yun */ = {
			isa = PBXGroup;
			children = (
				B085F6511940183D001F01F3 /* YunTableViewController.h */,
				B085F6521940183D001F01F3 /* YunTableViewController.m */,
				B0FDC96719453D63008E4B72 /* YunChooseTuoViewController.h */,
				B0FDC96819453D63008E4B72 /* YunChooseTuoViewController.m */,
				B0FDC96A19453EF7008E4B72 /* YunHaveTuoTableViewController.h */,
				B0FDC96B19453EF7008E4B72 /* YunHaveTuoTableViewController.m */,
				B0FDC96D194555FE008E4B72 /* YunInfoViewController.h */,
				B0FDC96E194555FE008E4B72 /* YunInfoViewController.m */,
				B0FDC97019458B6F008E4B72 /* YunEditViewController.h */,
				B0FDC97119458B6F008E4B72 /* YunEditViewController.m */,
				B03D524A194D412300696E4E /* YunSendedViewController.h */,
				B03D524B194D412300696E4E /* YunSendedViewController.m */,
				B03D524D194D458D00696E4E /* YunCheckXiangTableViewController.h */,
				B03D524E194D458D00696E4E /* YunCheckXiangTableViewController.m */,
			);
			name = Yun;
			sourceTree = "<group>";
		};
		B0619E50197CB610000C1C69 /* Service */ = {
			isa = PBXGroup;
			children = (
				B073F7D1199D9352007011E6 /* DELIVERY */,
				B0619E51197CB6D1000C1C69 /* REQUIRE */,
				B073F7D2199D9382007011E6 /* PingWatcher.h */,
				B073F7D3199D9382007011E6 /* PingWatcher.m */,
				B001BF0619A5CF23000800AD /* PrinterSetting.h */,
				B001BF0719A5CF23000800AD /* PrinterSetting.m */,
			);
			name = Service;
			sourceTree = "<group>";
		};
		B0619E51197CB6D1000C1C69 /* REQUIRE */ = {
			isa = PBXGroup;
			children = (
				B05FDFAC1985E99500608CBA /* NewValidate.h */,
				B05FDFAD1985E99500608CBA /* NewValidate.m */,
				B09ECD7319AAD8C500783B6A /* LEDcolor.h */,
				B09ECD7419AAD8C500783B6A /* LEDcolor.m */,
			);
			name = REQUIRE;
			sourceTree = "<group>";
		};
		B0643D63197DF3F70036AADA /* list */ = {
			isa = PBXGroup;
			children = (
				B0619E5A197CC8EB000C1C69 /* RequireTodayViewController.h */,
				B0619E5B197CC8EB000C1C69 /* RequireTodayViewController.m */,
				B0619E5D197D0D32000C1C69 /* RequireGenerateViewController.h */,
				B0619E5E197D0D32000C1C69 /* RequireGenerateViewController.m */,
				B0643D60197DEF6F0036AADA /* RequirePrintViewController.h */,
				B0643D61197DEF6F0036AADA /* RequirePrintViewController.m */,
				B0643D64197DF40D0036AADA /* RequireDetailViewController.h */,
				B0643D65197DF40D0036AADA /* RequireDetailViewController.m */,
				B0B468C41980FF3F00D88047 /* RequireXiangDetailViewController.h */,
				B0B468C51980FF3F00D88047 /* RequireXiangDetailViewController.m */,
			);
			name = list;
			sourceTree = "<group>";
		};
		B0643D67197E03F30036AADA /* history */ = {
			isa = PBXGroup;
			children = (
				B0643D68197E041B0036AADA /* RequireHistoryViewController.h */,
				B0643D69197E041B0036AADA /* RequireHistoryViewController.m */,
				B0275FD6197E443A00E579C5 /* RequireHistoryListTableViewController.h */,
				B0275FD7197E443A00E579C5 /* RequireHistoryListTableViewController.m */,
			);
			name = history;
			sourceTree = "<group>";
		};
		B073F7D1199D9352007011E6 /* DELIVERY */ = {
			isa = PBXGroup;
			children = (
				B0EDB1DA19A2ECA400917D54 /* SortArray.h */,
				B0EDB1DB19A2ECA400917D54 /* SortArray.m */,
			);
			name = DELIVERY;
			sourceTree = "<group>";
		};
		B085F603194004CC001F01F3 = {
			isa = PBXGroup;
			children = (
				B085F615194004CC001F01F3 /* Material */,
				B085F62E194004CC001F01F3 /* MaterialTests */,
				B085F60E194004CC001F01F3 /* Frameworks */,
				B085F60D194004CC001F01F3 /* Products */,
			);
			sourceTree = "<group>";
		};
		B085F60D194004CC001F01F3 /* Products */ = {
			isa = PBXGroup;
			children = (
				B085F60C194004CC001F01F3 /* 物料管理系统.app */,
				B085F627194004CC001F01F3 /* MaterialTests.xctest */,
			);
			name = Products;
			sourceTree = "<group>";
		};
		B085F60E194004CC001F01F3 /* Frameworks */ = {
			isa = PBXGroup;
			children = (
				B09BF6BE195950A900FCF00A /* SystemConfiguration.framework */,
				B066FE2F194E714F00C0019D /* AudioToolbox.framework */,
				B09E30D6194932EA00894A4A /* libCaptuvoSDK.a */,
				B05EEDD81947FAEA009DDAE9 /* ExternalAccessory.framework */,
				B085F64819401091001F01F3 /* Security.framework */,
				B085F60F194004CC001F01F3 /* Foundation.framework */,
				B085F611194004CC001F01F3 /* CoreGraphics.framework */,
				B085F613194004CC001F01F3 /* UIKit.framework */,
				B085F628194004CC001F01F3 /* XCTest.framework */,
			);
			name = Frameworks;
			sourceTree = "<group>";
		};
		B085F615194004CC001F01F3 /* Material */ = {
			isa = PBXGroup;
			children = (
				B085F64419400FA3001F01F3 /* vendor */,
				B096C63D194291FB00271AE4 /* View */,
				B06139751941573B00A0CF62 /* Model */,
				B0619E50197CB610000C1C69 /* Service */,
				B085F63E194006EE001F01F3 /* Controller */,
				B085F61E194004CC001F01F3 /* MAppDelegate.h */,
				B085F61F194004CC001F01F3 /* MAppDelegate.m */,
				B04EF2131946E87800A95D7A /* AFNetOperate.h */,
				B04EF2141946E87800A95D7A /* AFNetOperate.m */,
				B085F621194004CC001F01F3 /* Images.xcassets */,
				B085F616194004CC001F01F3 /* Supporting Files */,
				B06E027419403D3D001B7899 /* Storyboard.storyboard */,
			);
			path = Material;
			sourceTree = "<group>";
		};
		B085F616194004CC001F01F3 /* Supporting Files */ = {
			isa = PBXGroup;
			children = (
				B04EF2161946E89400A95D7A /* URL.plist */,
				B085F617194004CC001F01F3 /* Material-Info.plist */,
				B085F618194004CC001F01F3 /* InfoPlist.strings */,
				B085F61B194004CC001F01F3 /* main.m */,
				B085F61D194004CC001F01F3 /* Material-Prefix.pch */,
			);
			name = "Supporting Files";
			sourceTree = "<group>";
		};
		B085F62E194004CC001F01F3 /* MaterialTests */ = {
			isa = PBXGroup;
			children = (
				B085F634194004CC001F01F3 /* MaterialTests.m */,
				B085F62F194004CC001F01F3 /* Supporting Files */,
			);
			path = MaterialTests;
			sourceTree = "<group>";
		};
		B085F62F194004CC001F01F3 /* Supporting Files */ = {
			isa = PBXGroup;
			children = (
				B085F630194004CC001F01F3 /* MaterialTests-Info.plist */,
				B085F631194004CC001F01F3 /* InfoPlist.strings */,
			);
			name = "Supporting Files";
			sourceTree = "<group>";
		};
		B085F63E194006EE001F01F3 /* Controller */ = {
			isa = PBXGroup;
			children = (
				B085F63F1940071A001F01F3 /* Login.h */,
				B085F6401940071A001F01F3 /* Login.m */,
				B066FE31194EBDB300C0019D /* LoginSETTINGViewController.h */,
				B066FE32194EBDB300C0019D /* LoginSETTINGViewController.m */,
				B0454CCB19760224001476F4 /* REQUIRE */,
				B0454CCC1976022B001476F4 /* DELIVERY */,
			);
			name = Controller;
			sourceTree = "<group>";
		};
		B085F64419400FA3001F01F3 /* vendor */ = {
			isa = PBXGroup;
			children = (
				B099FD18199C90C30049586E /* SimplePingHelper.h */,
				B099FD19199C90C30049586E /* SimplePingHelper.m */,
				B099FD15199C90A60049586E /* SimplePing.h */,
				B099FD16199C90A60049586E /* SimplePing.m */,
				B09BF6BB1959508E00FCF00A /* Reachability.h */,
				B09BF6BC1959508E00FCF00A /* Reachability.m */,
				B05EEDD51947FA2A009DDAE9 /* Captuvo.h */,
				B04EF1F61946E60D00A95D7A /* AFNetworking */,
				B085F64D194014A8001F01F3 /* KeychainItemWrapper.h */,
				B085F64E194014A8001F01F3 /* KeychainItemWrapper.m */,
			);
			name = vendor;
			sourceTree = "<group>";
		};
		B096C63D194291FB00271AE4 /* View */ = {
			isa = PBXGroup;
			children = (
				B0454CCE1976024E001476F4 /* REQUIRE */,
				B0454CCD19760244001476F4 /* DELIVERY */,
			);
			name = View;
			sourceTree = "<group>";
		};
		B0DF643619440018002D044B /* Xiang */ = {
			isa = PBXGroup;
			children = (
				B0DF643719440033002D044B /* XiangTableViewController.h */,
				B0DF643819440033002D044B /* XiangTableViewController.m */,
				B0DF643A19440FCA002D044B /* XiangEditViewController.h */,
				B0DF643B19440FCA002D044B /* XiangEditViewController.m */,
			);
			name = Xiang;
			sourceTree = "<group>";
		};
		B0FDC9761945AFA3008E4B72 /* STOCK */ = {
			isa = PBXGroup;
			children = (
				B0DF643619440018002D044B /* Xiang */,
				B06139911941BEE400A0CF62 /* Tuo */,
				B06139921941BEF700A0CF62 /* Yun */,
				B0DF64331943E1D1002D044B /* PrintViewController.h */,
				B0DF64341943E1D1002D044B /* PrintViewController.m */,
				B085F6541940184E001F01F3 /* SettingViewController.h */,
				B085F6551940184E001F01F3 /* SettingViewController.m */,
			);
			name = STOCK;
			sourceTree = "<group>";
		};
		B0FDC9771945AFC9008E4B72 /* SHOP */ = {
			isa = PBXGroup;
			children = (
				B04EF1E11946B1CC00A95D7A /* Receive */,
				B04EF1E91946BDA900A95D7A /* History */,
				B0A2ECE419A4529D00F80F26 /* ShopVerifyMoveViewController.h */,
				B0A2ECE519A4529D00F80F26 /* ShopVerifyMoveViewController.m */,
				B04EF1F31946E53600A95D7A /* ShopSettingViewController.h */,
				B04EF1F41946E53600A95D7A /* ShopSettingViewController.m */,
			);
			name = SHOP;
			sourceTree = "<group>";
		};
/* End PBXGroup section */

/* Begin PBXNativeTarget section */
		B085F60B194004CC001F01F3 /* Material */ = {
			isa = PBXNativeTarget;
			buildConfigurationList = B085F638194004CC001F01F3 /* Build configuration list for PBXNativeTarget "Material" */;
			buildPhases = (
				B085F608194004CC001F01F3 /* Sources */,
				B085F609194004CC001F01F3 /* Frameworks */,
				B085F60A194004CC001F01F3 /* Resources */,
			);
			buildRules = (
			);
			dependencies = (
			);
			name = Material;
			productName = Material;
			productReference = B085F60C194004CC001F01F3 /* 物料管理系统.app */;
			productType = "com.apple.product-type.application";
		};
		B085F626194004CC001F01F3 /* MaterialTests */ = {
			isa = PBXNativeTarget;
			buildConfigurationList = B085F63B194004CC001F01F3 /* Build configuration list for PBXNativeTarget "MaterialTests" */;
			buildPhases = (
				B085F623194004CC001F01F3 /* Sources */,
				B085F624194004CC001F01F3 /* Frameworks */,
				B085F625194004CC001F01F3 /* Resources */,
			);
			buildRules = (
			);
			dependencies = (
				B085F62D194004CC001F01F3 /* PBXTargetDependency */,
			);
			name = MaterialTests;
			productName = MaterialTests;
			productReference = B085F627194004CC001F01F3 /* MaterialTests.xctest */;
			productType = "com.apple.product-type.bundle.unit-test";
		};
/* End PBXNativeTarget section */

/* Begin PBXProject section */
		B085F604194004CC001F01F3 /* Project object */ = {
			isa = PBXProject;
			attributes = {
				CLASSPREFIX = M;
				LastUpgradeCheck = 0510;
				ORGANIZATIONNAME = brilliantech;
				TargetAttributes = {
					B085F60B194004CC001F01F3 = {
						DevelopmentTeam = 58FSFGRL4P;
					};
					B085F626194004CC001F01F3 = {
						TestTargetID = B085F60B194004CC001F01F3;
					};
				};
			};
			buildConfigurationList = B085F607194004CC001F01F3 /* Build configuration list for PBXProject "Material" */;
			compatibilityVersion = "Xcode 3.2";
			developmentRegion = English;
			hasScannedForEncodings = 0;
			knownRegions = (
				en,
				"zh-Hans",
			);
			mainGroup = B085F603194004CC001F01F3;
			productRefGroup = B085F60D194004CC001F01F3 /* Products */;
			projectDirPath = "";
			projectRoot = "";
			targets = (
				B085F60B194004CC001F01F3 /* Material */,
				B085F626194004CC001F01F3 /* MaterialTests */,
			);
		};
/* End PBXProject section */

/* Begin PBXResourcesBuildPhase section */
		B085F60A194004CC001F01F3 /* Resources */ = {
			isa = PBXResourcesBuildPhase;
			buildActionMask = 2147483647;
			files = (
				B0BE29311949921900061E67 /* XiangTableViewCell.xib in Resources */,
				B085F61A194004CC001F01F3 /* InfoPlist.strings in Resources */,
				B085F622194004CC001F01F3 /* Images.xcassets in Resources */,
				B04EF2171946E89400A95D7A /* URL.plist in Resources */,
				B037ECFB194BDC50008C456E /* YunTableViewCell.xib in Resources */,
				B08B8F0E1953D39E009739DB /* TuoTableViewCell.xib in Resources */,
				B04EF1E01946A49500A95D7A /* ShopXiangTableViewCell.xib in Resources */,
				B058550419A2F800000C85E5 /* TuoCheckTableViewCell.xib in Resources */,
				B04EF1D51946888900A95D7A /* ShopTuoTableViewCell.xib in Resources */,
				B07CE56E198B8890000FD578 /* RequireCheckXiangTableViewCell.xib in Resources */,
				B06E027519403D3D001B7899 /* Storyboard.storyboard in Resources */,
				B0619E46197CB044000C1C69 /* RequireListTableViewCell.xib in Resources */,
				B0619E59197CBE17000C1C69 /* RequireXiangTableViewCell.xib in Resources */,
			);
			runOnlyForDeploymentPostprocessing = 0;
		};
		B085F625194004CC001F01F3 /* Resources */ = {
			isa = PBXResourcesBuildPhase;
			buildActionMask = 2147483647;
			files = (
				B085F633194004CC001F01F3 /* InfoPlist.strings in Resources */,
			);
			runOnlyForDeploymentPostprocessing = 0;
		};
/* End PBXResourcesBuildPhase section */

/* Begin PBXSourcesBuildPhase section */
		B085F608194004CC001F01F3 /* Sources */ = {
			isa = PBXSourcesBuildPhase;
			buildActionMask = 2147483647;
			files = (
				B0E8C6A4197F603500F0A030 /* RequireSettingViewController.m in Sources */,
				B04EF20A1946E60D00A95D7A /* AFHTTPRequestOperation.m in Sources */,
				B04EF20D1946E60D00A95D7A /* AFNetworkReachabilityManager.m in Sources */,
				B04EF20C1946E60D00A95D7A /* AFHTTPSessionManager.m in Sources */,
				B066FE33194EBDB300C0019D /* LoginSETTINGViewController.m in Sources */,
				B04EF1DB19469CBA00A95D7A /* ReceiveXiangViewController.m in Sources */,
				B0DF64351943E1D1002D044B /* PrintViewController.m in Sources */,
				B0FDC96F194555FE008E4B72 /* YunInfoViewController.m in Sources */,
				B04EF2151946E87800A95D7A /* AFNetOperate.m in Sources */,
				B07CE56D198B8890000FD578 /* RequireCheckXiangTableViewCell.m in Sources */,
				B0643D62197DEF6F0036AADA /* RequirePrintViewController.m in Sources */,
				B001BF0519A59A90000800AD /* DrawLight.m in Sources */,
				B061397E1941643E00A0CF62 /* Tuo.m in Sources */,
				B073F7D4199D9382007011E6 /* PingWatcher.m in Sources */,
				B0EDB1DC19A2ECA400917D54 /* SortArray.m in Sources */,
				B0619E49197CB318000C1C69 /* RequireBill.m in Sources */,
				B061397B194163DF00A0CF62 /* TuoStore.m in Sources */,
				B0DF643919440033002D044B /* XiangTableViewController.m in Sources */,
				B04EF2111946E60D00A95D7A /* AFURLResponseSerialization.m in Sources */,
				B0619E5F197D0D32000C1C69 /* RequireGenerateViewController.m in Sources */,
				B0619E58197CBE17000C1C69 /* RequireXiangTableViewCell.m in Sources */,
				B0619E4C197CB35C000C1C69 /* RequireXiang.m in Sources */,
				B0613987194173B600A0CF62 /* XiangStore.m in Sources */,
				B0FDC97219458B6F008E4B72 /* YunEditViewController.m in Sources */,
				B04EF1DF1946A49500A95D7A /* ShopXiangTableViewCell.m in Sources */,
				B0B468C61980FF3F00D88047 /* RequireXiangDetailViewController.m in Sources */,
				B0275FD8197E443A00E579C5 /* RequireHistoryListTableViewController.m in Sources */,
				B0FDC96919453D63008E4B72 /* YunChooseTuoViewController.m in Sources */,
				B085F6531940183D001F01F3 /* YunTableViewController.m in Sources */,
				B0DF643C19440FCA002D044B /* XiangEditViewController.m in Sources */,
				B05FDFAE1985E99500608CBA /* NewValidate.m in Sources */,
				B0E1D4F21952CD3500105D4D /* ReceivePrintViewController.m in Sources */,
				B0619E45197CB044000C1C69 /* RequireListTableViewCell.m in Sources */,
				B04EF1F21946DE2900A95D7A /* HistoryXiangTableViewController.m in Sources */,
				B058550719A2F832000C85E5 /* TuoCheckGeneralViewController.m in Sources */,
				B03D524C194D412300696E4E /* YunSendedViewController.m in Sources */,
				B03D5252194DBEA400696E4E /* ReceiveConfirmViewController.m in Sources */,
				B061398D1941BCF900A0CF62 /* TuoBaseViewController.m in Sources */,
				B037ECFA194BDC50008C456E /* YunTableViewCell.m in Sources */,
				B07CE571198B8CAA000FD578 /* RequireCheckBill.m in Sources */,
				B0DF644519448B67002D044B /* Yun.m in Sources */,
				B06139811941680C00A0CF62 /* Xiang.m in Sources */,
				B04EF20F1946E60D00A95D7A /* AFURLConnectionOperation.m in Sources */,
				B001BEFF19A58A88000800AD /* RequireTraceViewController.m in Sources */,
				B04EF1EC1946DE1000A95D7A /* HistoryYunTableViewController.m in Sources */,
				B03D524F194D458D00696E4E /* YunCheckXiangTableViewController.m in Sources */,
				B0619E5C197CC8EB000C1C69 /* RequireTodayViewController.m in Sources */,
				B0DF643F1944588B002D044B /* TuoEditViewController.m in Sources */,
				B052E9861973B01D009E4D53 /* ScanStandard.m in Sources */,
				B04EF1E81946B41300A95D7A /* HistoryReceiveViewController.m in Sources */,
				B0DF644819448B75002D044B /* YunStore.m in Sources */,
				B085F6421940071A001F01F3 /* Login.m in Sources */,
				B058550319A2F800000C85E5 /* TuoCheckTableViewCell.m in Sources */,
				B0643D6A197E041B0036AADA /* RequireHistoryViewController.m in Sources */,
				B08B8F0D1953D39E009739DB /* TuoTableViewCell.m in Sources */,
				B099FD1A199C90C30049586E /* SimplePingHelper.m in Sources */,
				B085F620194004CC001F01F3 /* MAppDelegate.m in Sources */,
				B06139901941BD1300A0CF62 /* TuoScanViewController.m in Sources */,
				B0BE29301949921900061E67 /* XiangTableViewCell.m in Sources */,
				B085F6571940184E001F01F3 /* SettingViewController.m in Sources */,
				B04EF1EF1946DE1C00A95D7A /* HistoryTuoTableViewController.m in Sources */,
				B0FDC96C19453EF7008E4B72 /* YunHaveTuoTableViewController.m in Sources */,
				B04EF1D41946888900A95D7A /* ShopTuoTableViewCell.m in Sources */,
				B09ECD7219AAD36500783B6A /* LED.m in Sources */,
				B04EF1F51946E53600A95D7A /* ShopSettingViewController.m in Sources */,
				B099FD17199C90A60049586E /* SimplePing.m in Sources */,
				B04EF2101946E60D00A95D7A /* AFURLRequestSerialization.m in Sources */,
				B09ECD7519AAD8C500783B6A /* LEDcolor.m in Sources */,
				B085F64C1940119E001F01F3 /* TuoTableViewController.m in Sources */,
				B04EF20B1946E60D00A95D7A /* AFHTTPRequestOperationManager.m in Sources */,
				B001BF0219A58A97000800AD /* RequireTraceDetailViewController.m in Sources */,
				B058550A19A2F840000C85E5 /* TuoCheckDetailViewController.m in Sources */,
				B0643D66197DF40D0036AADA /* RequireDetailViewController.m in Sources */,
				B04EF2121946E60D00A95D7A /* AFURLSessionManager.m in Sources */,
				B0DF644219446E5B002D044B /* TuoPrintViewController.m in Sources */,
				B085F64F194014A8001F01F3 /* KeychainItemWrapper.m in Sources */,
				B04EF20E1946E60D00A95D7A /* AFSecurityPolicy.m in Sources */,
				B09BF6BD1959508E00FCF00A /* Reachability.m in Sources */,
				B04EF1D819468A9100A95D7A /* ReceiveTuoViewController.m in Sources */,
				B001BF0819A5CF23000800AD /* PrinterSetting.m in Sources */,
				B0A2ECE619A4529D00F80F26 /* ShopVerifyMoveViewController.m in Sources */,
				B085F61C194004CC001F01F3 /* main.m in Sources */,
			);
			runOnlyForDeploymentPostprocessing = 0;
		};
		B085F623194004CC001F01F3 /* Sources */ = {
			isa = PBXSourcesBuildPhase;
			buildActionMask = 2147483647;
			files = (
				B085F635194004CC001F01F3 /* MaterialTests.m in Sources */,
			);
			runOnlyForDeploymentPostprocessing = 0;
		};
/* End PBXSourcesBuildPhase section */

/* Begin PBXTargetDependency section */
		B085F62D194004CC001F01F3 /* PBXTargetDependency */ = {
			isa = PBXTargetDependency;
			target = B085F60B194004CC001F01F3 /* Material */;
			targetProxy = B085F62C194004CC001F01F3 /* PBXContainerItemProxy */;
		};
/* End PBXTargetDependency section */

/* Begin PBXVariantGroup section */
		B085F618194004CC001F01F3 /* InfoPlist.strings */ = {
			isa = PBXVariantGroup;
			children = (
				B085F619194004CC001F01F3 /* en */,
				B09CC8DD1958123600BD3DE8 /* zh-Hans */,
			);
			name = InfoPlist.strings;
			sourceTree = "<group>";
		};
		B085F631194004CC001F01F3 /* InfoPlist.strings */ = {
			isa = PBXVariantGroup;
			children = (
				B085F632194004CC001F01F3 /* en */,
				B09CC8DE1958123600BD3DE8 /* zh-Hans */,
			);
			name = InfoPlist.strings;
			sourceTree = "<group>";
		};
/* End PBXVariantGroup section */

/* Begin XCBuildConfiguration section */
		B085F636194004CC001F01F3 /* Debug */ = {
			isa = XCBuildConfiguration;
			buildSettings = {
				ALWAYS_SEARCH_USER_PATHS = NO;
				CLANG_CXX_LANGUAGE_STANDARD = "gnu++0x";
				CLANG_CXX_LIBRARY = "libc++";
				CLANG_ENABLE_MODULES = YES;
				CLANG_ENABLE_OBJC_ARC = YES;
				CLANG_WARN_BOOL_CONVERSION = YES;
				CLANG_WARN_CONSTANT_CONVERSION = YES;
				CLANG_WARN_DIRECT_OBJC_ISA_USAGE = YES_ERROR;
				CLANG_WARN_EMPTY_BODY = YES;
				CLANG_WARN_ENUM_CONVERSION = YES;
				CLANG_WARN_INT_CONVERSION = YES;
				CLANG_WARN_OBJC_ROOT_CLASS = YES_ERROR;
				CLANG_WARN__DUPLICATE_METHOD_MATCH = YES;
				"CODE_SIGN_IDENTITY[sdk=iphoneos*]" = "iPhone Developer";
				COPY_PHASE_STRIP = NO;
				GCC_C_LANGUAGE_STANDARD = gnu99;
				GCC_DYNAMIC_NO_PIC = NO;
				GCC_OPTIMIZATION_LEVEL = 0;
				GCC_PREPROCESSOR_DEFINITIONS = (
					"DEBUG=1",
					"$(inherited)",
				);
				GCC_SYMBOLS_PRIVATE_EXTERN = NO;
				GCC_WARN_64_TO_32_BIT_CONVERSION = YES;
				GCC_WARN_ABOUT_RETURN_TYPE = YES_ERROR;
				GCC_WARN_UNDECLARED_SELECTOR = YES;
				GCC_WARN_UNINITIALIZED_AUTOS = YES_AGGRESSIVE;
				GCC_WARN_UNUSED_FUNCTION = YES;
				GCC_WARN_UNUSED_VARIABLE = YES;
				IPHONEOS_DEPLOYMENT_TARGET = 7.1;
				ONLY_ACTIVE_ARCH = YES;
				SDKROOT = iphoneos;
			};
			name = Debug;
		};
		B085F637194004CC001F01F3 /* Release */ = {
			isa = XCBuildConfiguration;
			buildSettings = {
				ALWAYS_SEARCH_USER_PATHS = NO;
				CLANG_CXX_LANGUAGE_STANDARD = "gnu++0x";
				CLANG_CXX_LIBRARY = "libc++";
				CLANG_ENABLE_MODULES = YES;
				CLANG_ENABLE_OBJC_ARC = YES;
				CLANG_WARN_BOOL_CONVERSION = YES;
				CLANG_WARN_CONSTANT_CONVERSION = YES;
				CLANG_WARN_DIRECT_OBJC_ISA_USAGE = YES_ERROR;
				CLANG_WARN_EMPTY_BODY = YES;
				CLANG_WARN_ENUM_CONVERSION = YES;
				CLANG_WARN_INT_CONVERSION = YES;
				CLANG_WARN_OBJC_ROOT_CLASS = YES_ERROR;
				CLANG_WARN__DUPLICATE_METHOD_MATCH = YES;
				"CODE_SIGN_IDENTITY[sdk=iphoneos*]" = "iPhone Developer";
				COPY_PHASE_STRIP = YES;
				ENABLE_NS_ASSERTIONS = NO;
				GCC_C_LANGUAGE_STANDARD = gnu99;
				GCC_WARN_64_TO_32_BIT_CONVERSION = YES;
				GCC_WARN_ABOUT_RETURN_TYPE = YES_ERROR;
				GCC_WARN_UNDECLARED_SELECTOR = YES;
				GCC_WARN_UNINITIALIZED_AUTOS = YES_AGGRESSIVE;
				GCC_WARN_UNUSED_FUNCTION = YES;
				GCC_WARN_UNUSED_VARIABLE = YES;
				IPHONEOS_DEPLOYMENT_TARGET = 7.1;
				SDKROOT = iphoneos;
				VALIDATE_PRODUCT = YES;
			};
			name = Release;
		};
		B085F639194004CC001F01F3 /* Debug */ = {
			isa = XCBuildConfiguration;
			buildSettings = {
				ASSETCATALOG_COMPILER_APPICON_NAME = AppIcon;
				ASSETCATALOG_COMPILER_LAUNCHIMAGE_NAME = LaunchImage;
				CODE_SIGN_IDENTITY = "iPhone Developer";
				"CODE_SIGN_IDENTITY[sdk=iphoneos*]" = "iPhone Developer";
				GCC_PRECOMPILE_PREFIX_HEADER = YES;
				GCC_PREFIX_HEADER = "Material/Material-Prefix.pch";
				INFOPLIST_FILE = "Material/Material-Info.plist";
				IPHONEOS_DEPLOYMENT_TARGET = 7.0;
				LIBRARY_SEARCH_PATHS = (
					"$(inherited)",
					/Users/wayne/Desktop/CaptuvoSDK/SDK/Lib,
					"$(PROJECT_DIR)/Material",
					/Users/wayne/Desktop/CaptuvoSDK/SDK/Samples/SDKTestSample/SDKTest,
					"$(PROJECT_DIR)",
				);
				PRODUCT_NAME = "物料管理系统";
				PROVISIONING_PROFILE = "";
				TARGETED_DEVICE_FAMILY = 1;
				WRAPPER_EXTENSION = app;
			};
			name = Debug;
		};
		B085F63A194004CC001F01F3 /* Release */ = {
			isa = XCBuildConfiguration;
			buildSettings = {
				ASSETCATALOG_COMPILER_APPICON_NAME = AppIcon;
				ASSETCATALOG_COMPILER_LAUNCHIMAGE_NAME = LaunchImage;
				CODE_SIGN_IDENTITY = "iPhone Developer";
				"CODE_SIGN_IDENTITY[sdk=*]" = "iPhone Distribution: Shanghai Cai Zhuo Information Technology Co., Ltd";
				"CODE_SIGN_IDENTITY[sdk=iphoneos*]" = "iPhone Distribution: Shanghai Cai Zhuo Information Technology Co., Ltd";
				GCC_PRECOMPILE_PREFIX_HEADER = YES;
				GCC_PREFIX_HEADER = "Material/Material-Prefix.pch";
				INFOPLIST_FILE = "Material/Material-Info.plist";
				IPHONEOS_DEPLOYMENT_TARGET = 7.0;
				LIBRARY_SEARCH_PATHS = (
					"$(inherited)",
					/Users/wayne/Desktop/CaptuvoSDK/SDK/Lib,
					"$(PROJECT_DIR)/Material",
					/Users/wayne/Desktop/CaptuvoSDK/SDK/Samples/SDKTestSample/SDKTest,
					"$(PROJECT_DIR)",
				);
				PRODUCT_NAME = "物料管理系统";
				PROVISIONING_PROFILE = "";
				TARGETED_DEVICE_FAMILY = 1;
				WRAPPER_EXTENSION = app;
			};
			name = Release;
		};
		B085F63C194004CC001F01F3 /* Debug */ = {
			isa = XCBuildConfiguration;
			buildSettings = {
				BUNDLE_LOADER = "$(BUILT_PRODUCTS_DIR)/Material.app/Material";
				FRAMEWORK_SEARCH_PATHS = (
					"$(SDKROOT)/Developer/Library/Frameworks",
					"$(inherited)",
					"$(DEVELOPER_FRAMEWORKS_DIR)",
				);
				GCC_PRECOMPILE_PREFIX_HEADER = YES;
				GCC_PREFIX_HEADER = "Material/Material-Prefix.pch";
				GCC_PREPROCESSOR_DEFINITIONS = (
					"DEBUG=1",
					"$(inherited)",
				);
				INFOPLIST_FILE = "MaterialTests/MaterialTests-Info.plist";
				PRODUCT_NAME = "$(TARGET_NAME)";
				TEST_HOST = "$(BUNDLE_LOADER)";
				WRAPPER_EXTENSION = xctest;
			};
			name = Debug;
		};
		B085F63D194004CC001F01F3 /* Release */ = {
			isa = XCBuildConfiguration;
			buildSettings = {
				BUNDLE_LOADER = "$(BUILT_PRODUCTS_DIR)/Material.app/Material";
				FRAMEWORK_SEARCH_PATHS = (
					"$(SDKROOT)/Developer/Library/Frameworks",
					"$(inherited)",
					"$(DEVELOPER_FRAMEWORKS_DIR)",
				);
				GCC_PRECOMPILE_PREFIX_HEADER = YES;
				GCC_PREFIX_HEADER = "Material/Material-Prefix.pch";
				INFOPLIST_FILE = "MaterialTests/MaterialTests-Info.plist";
				PRODUCT_NAME = "$(TARGET_NAME)";
				TEST_HOST = "$(BUNDLE_LOADER)";
				WRAPPER_EXTENSION = xctest;
			};
			name = Release;
		};
/* End XCBuildConfiguration section */

/* Begin XCConfigurationList section */
		B085F607194004CC001F01F3 /* Build configuration list for PBXProject "Material" */ = {
			isa = XCConfigurationList;
			buildConfigurations = (
				B085F636194004CC001F01F3 /* Debug */,
				B085F637194004CC001F01F3 /* Release */,
			);
			defaultConfigurationIsVisible = 0;
			defaultConfigurationName = Release;
		};
		B085F638194004CC001F01F3 /* Build configuration list for PBXNativeTarget "Material" */ = {
			isa = XCConfigurationList;
			buildConfigurations = (
				B085F639194004CC001F01F3 /* Debug */,
				B085F63A194004CC001F01F3 /* Release */,
			);
			defaultConfigurationIsVisible = 0;
			defaultConfigurationName = Release;
		};
		B085F63B194004CC001F01F3 /* Build configuration list for PBXNativeTarget "MaterialTests" */ = {
			isa = XCConfigurationList;
			buildConfigurations = (
				B085F63C194004CC001F01F3 /* Debug */,
				B085F63D194004CC001F01F3 /* Release */,
			);
			defaultConfigurationIsVisible = 0;
			defaultConfigurationName = Release;
		};
/* End XCConfigurationList section */
	};
	rootObject = B085F604194004CC001F01F3 /* Project object */;
}
